// !$*UTF8*$!
{
	archiveVersion = 1;
	classes = {
	};
	objectVersion = 55;
	objects = {

/* Begin PBXBuildFile section */
		22244D1F28586AC900B3D03C /* toFix in Resources */ = {isa = PBXBuildFile; fileRef = 22244D1E28586AC900B3D03C /* toFix */; };
		22244D2128596BDE00B3D03C /* TestViewController.swift in Sources */ = {isa = PBXBuildFile; fileRef = 22244D2028596BDE00B3D03C /* TestViewController.swift */; };
		22244D292859C2CC00B3D03C /* Assets.xcassets in Resources */ = {isa = PBXBuildFile; fileRef = 22244D282859C2CC00B3D03C /* Assets.xcassets */; };
		22244D302859C2EE00B3D03C /* countDownLottie.json in Resources */ = {isa = PBXBuildFile; fileRef = 22244D2B2859C2EE00B3D03C /* countDownLottie.json */; };
		22244D312859C2EE00B3D03C /* completeLottie.json in Resources */ = {isa = PBXBuildFile; fileRef = 22244D2C2859C2EE00B3D03C /* completeLottie.json */; };
		22244D322859C2EE00B3D03C /* loadingLottie.json in Resources */ = {isa = PBXBuildFile; fileRef = 22244D2D2859C2EE00B3D03C /* loadingLottie.json */; };
		22244D332859C2EE00B3D03C /* countDown.json in Resources */ = {isa = PBXBuildFile; fileRef = 22244D2E2859C2EE00B3D03C /* countDown.json */; };
		22244D342859C2EE00B3D03C /* checkmark.json in Resources */ = {isa = PBXBuildFile; fileRef = 22244D2F2859C2EE00B3D03C /* checkmark.json */; };
		22244D362859D16A00B3D03C /* UIViewControllerExt+.swift in Sources */ = {isa = PBXBuildFile; fileRef = 22244D352859D16A00B3D03C /* UIViewControllerExt+.swift */; };
		22244D5B285B0F3000B3D03C /* completeLottie2.json in Resources */ = {isa = PBXBuildFile; fileRef = 22244D5A285B0F3000B3D03C /* completeLottie2.json */; };
		22244D5D285B262B00B3D03C /* Updates in Resources */ = {isa = PBXBuildFile; fileRef = 22244D5C285B262B00B3D03C /* Updates */; };
		22244D6228655AD600B3D03C /* Inspector+Helper.swift in Sources */ = {isa = PBXBuildFile; fileRef = 22244D6128655AD600B3D03C /* Inspector+Helper.swift */; };
		22244D6528655FF600B3D03C /* InspectorController.swift in Sources */ = {isa = PBXBuildFile; fileRef = 22244D6428655FF600B3D03C /* InspectorController.swift */; };
		22244D672865616400B3D03C /* AddingInspectorController.swift in Sources */ = {isa = PBXBuildFile; fileRef = 22244D662865616400B3D03C /* AddingInspectorController.swift */; };
		22244D69286561E300B3D03C /* InspectorTableCell.swift in Sources */ = {isa = PBXBuildFile; fileRef = 22244D68286561E300B3D03C /* InspectorTableCell.swift */; };
		22244D6B286562F700B3D03C /* InspectorViewModel.swift in Sources */ = {isa = PBXBuildFile; fileRef = 22244D6A286562F700B3D03C /* InspectorViewModel.swift */; };
		22315E3B282E1F8F0093079B /* ScreenCollectionCell.swift in Sources */ = {isa = PBXBuildFile; fileRef = 22315E3A282E1F8F0093079B /* ScreenCollectionCell.swift */; };
		22315E3D282E1FCB0093079B /* ScreenViewModel.swift in Sources */ = {isa = PBXBuildFile; fileRef = 22315E3C282E1FCB0093079B /* ScreenViewModel.swift */; };
		22315E3F282E38D40093079B /* TrialCore+Helper.swift in Sources */ = {isa = PBXBuildFile; fileRef = 22315E3E282E38D40093079B /* TrialCore+Helper.swift */; };
		22315E41282E4CA40093079B /* MemoForCoreData in Resources */ = {isa = PBXBuildFile; fileRef = 22315E40282E4CA30093079B /* MemoForCoreData */; };
		2265AC4E2817F42300E0FCCF /* CameraController.swift in Sources */ = {isa = PBXBuildFile; fileRef = 2265AC4D2817F42300E0FCCF /* CameraController.swift */; };
		226D20DF282DE6C6001D6019 /* StringExt+.swift in Sources */ = {isa = PBXBuildFile; fileRef = 226D20DE282DE6C5001D6019 /* StringExt+.swift */; };
		226D87672834E07600E3F547 /* RemovableProtocol.swift in Sources */ = {isa = PBXBuildFile; fileRef = 226D87662834E07600E3F547 /* RemovableProtocol.swift */; };
		226D87692834FE7B00E3F547 /* TODO in Resources */ = {isa = PBXBuildFile; fileRef = 226D87682834FE7B00E3F547 /* TODO */; };
		226D876B2835D9F000E3F547 /* Int64Ext+.swift in Sources */ = {isa = PBXBuildFile; fileRef = 226D876A2835D9F000E3F547 /* Int64Ext+.swift */; };
		227648CE2831E75900214EBF /* TrialDetail+Helper.swift in Sources */ = {isa = PBXBuildFile; fileRef = 227648CD2831E75900214EBF /* TrialDetail+Helper.swift */; };
		227648D628321B9200214EBF /* ScreenDetailController.swift in Sources */ = {isa = PBXBuildFile; fileRef = 227648D528321B9200214EBF /* ScreenDetailController.swift */; };
		2278625F2807EB8300C9EB79 /* ConnectionManager.swift in Sources */ = {isa = PBXBuildFile; fileRef = 2278625E2807EB8300C9EB79 /* ConnectionManager.swift */; };
		2279505E282B87BC00B675A1 /* SubjectViewModel.swift in Sources */ = {isa = PBXBuildFile; fileRef = 2279505D282B87BC00B675A1 /* SubjectViewModel.swift */; };
		22795061282B880800B675A1 /* SubjectCollectionCell.swift in Sources */ = {isa = PBXBuildFile; fileRef = 22795060282B880800B675A1 /* SubjectCollectionCell.swift */; };
		22795063282B8F8D00B675A1 /* AddingSubjectController.swift in Sources */ = {isa = PBXBuildFile; fileRef = 22795062282B8F8C00B675A1 /* AddingSubjectController.swift */; };
		22795068282B929A00B675A1 /* MovementModels.swift in Sources */ = {isa = PBXBuildFile; fileRef = 22795067282B929A00B675A1 /* MovementModels.swift */; };
		2279506A282B92DA00B675A1 /* Subject.swift in Sources */ = {isa = PBXBuildFile; fileRef = 22795069282B92DA00B675A1 /* Subject.swift */; };
		2279506D282B931A00B675A1 /* APIModels.swift in Sources */ = {isa = PBXBuildFile; fileRef = 2279506C282B931A00B675A1 /* APIModels.swift */; };
		22795070282B937C00B675A1 /* MsgModels.swift in Sources */ = {isa = PBXBuildFile; fileRef = 2279506F282B937C00B675A1 /* MsgModels.swift */; };
		22795072282B939B00B675A1 /* MovementLists.swift in Sources */ = {isa = PBXBuildFile; fileRef = 22795071282B939B00B675A1 /* MovementLists.swift */; };
		22795075282B965D00B675A1 /* SubjectDetailController.swift in Sources */ = {isa = PBXBuildFile; fileRef = 22795074282B965D00B675A1 /* SubjectDetailController.swift */; };
		2279507B282BA58600B675A1 /* Model.xcdatamodeld in Sources */ = {isa = PBXBuildFile; fileRef = 22795079282BA58600B675A1 /* Model.xcdatamodeld */; };
		227950B2282BB8F900B675A1 /* Subject+Helper.swift in Sources */ = {isa = PBXBuildFile; fileRef = 227950B1282BB8F900B675A1 /* Subject+Helper.swift */; };
		227950B5282BBE1600B675A1 /* PersistenceController.swift in Sources */ = {isa = PBXBuildFile; fileRef = 227950B4282BBE1600B675A1 /* PersistenceController.swift */; };
		227950B7282BBF8500B675A1 /* Screen+Helper.swift in Sources */ = {isa = PBXBuildFile; fileRef = 227950B6282BBF8500B675A1 /* Screen+Helper.swift */; };
		227950B9282BBF8F00B675A1 /* PositionTitleCore+Helper.swift in Sources */ = {isa = PBXBuildFile; fileRef = 227950B8282BBF8F00B675A1 /* PositionTitleCore+Helper.swift */; };
		227DA6C22828F5C20097F8F1 /* APIManager.swift in Sources */ = {isa = PBXBuildFile; fileRef = 227DA6C12828F5C20097F8F1 /* APIManager.swift */; };
		227DA6C42829103D0097F8F1 /* SoundTestViewController.swift in Sources */ = {isa = PBXBuildFile; fileRef = 227DA6C32829103D0097F8F1 /* SoundTestViewController.swift */; };
		227DA6C628291D450097F8F1 /* Memos in Resources */ = {isa = PBXBuildFile; fileRef = 227DA6C528291D450097F8F1 /* Memos */; };
		227DA6C8282B60180097F8F1 /* SubjectController.swift in Sources */ = {isa = PBXBuildFile; fileRef = 227DA6C7282B60180097F8F1 /* SubjectController.swift */; };
		227E7C932833A5C800084BA2 /* CameraWithCoreData in Resources */ = {isa = PBXBuildFile; fileRef = 227E7C922833A5C800084BA2 /* CameraWithCoreData */; };
		2280DCD6283253F80036632E /* TrialCell.swift in Sources */ = {isa = PBXBuildFile; fileRef = 2280DCD5283253F70036632E /* TrialCell.swift */; };
		2280DCD8283254100036632E /* TrialViewModel.swift in Sources */ = {isa = PBXBuildFile; fileRef = 2280DCD7283254100036632E /* TrialViewModel.swift */; };
		2280DCDB28334BEE0036632E /* TrialHeader.swift in Sources */ = {isa = PBXBuildFile; fileRef = 2280DCDA28334BEE0036632E /* TrialHeader.swift */; };
		2283BEC2281A884F007D74FC /* NotificationNameExt+.swift in Sources */ = {isa = PBXBuildFile; fileRef = 2283BEC1281A884F007D74FC /* NotificationNameExt+.swift */; };
		2283BEC4281B8732007D74FC /* Util+.swift in Sources */ = {isa = PBXBuildFile; fileRef = 2283BEC3281B8732007D74FC /* Util+.swift */; };
		2283BEC7281FDFB6007D74FC /* ScoreController.swift in Sources */ = {isa = PBXBuildFile; fileRef = 2283BEC6281FDFB5007D74FC /* ScoreController.swift */; };
		22889EFD2820CA96002A9C4F /* PreviewController.swift in Sources */ = {isa = PBXBuildFile; fileRef = 22889EFC2820CA96002A9C4F /* PreviewController.swift */; };
		228B88372806577A007A6842 /* AppDelegate.swift in Sources */ = {isa = PBXBuildFile; fileRef = 228B88362806577A007A6842 /* AppDelegate.swift */; };
		228B88392806577A007A6842 /* SceneDelegate.swift in Sources */ = {isa = PBXBuildFile; fileRef = 228B88382806577A007A6842 /* SceneDelegate.swift */; };
		228B884328065784007A6842 /* LaunchScreen.storyboard in Resources */ = {isa = PBXBuildFile; fileRef = 228B884128065784007A6842 /* LaunchScreen.storyboard */; };
		22A0343028572462005FDF0F /* DirectionBtnView.swift in Sources */ = {isa = PBXBuildFile; fileRef = 22A0342F28572462005FDF0F /* DirectionBtnView.swift */; };
		22A034322857246B005FDF0F /* DirectionBtnStackView.swift in Sources */ = {isa = PBXBuildFile; fileRef = 22A034312857246B005FDF0F /* DirectionBtnStackView.swift */; };
		22ACAF5528094ACF007277A7 /* DateExt+.swift in Sources */ = {isa = PBXBuildFile; fileRef = 22ACAF5428094ACF007277A7 /* DateExt+.swift */; };
		22EE6528286D419100AFAC77 /* Debugging History.swift in Sources */ = {isa = PBXBuildFile; fileRef = 22EE6527286D419100AFAC77 /* Debugging History.swift */; };
		22EE652A286D41A300AFAC77 /* Debugging History in Resources */ = {isa = PBXBuildFile; fileRef = 22EE6529286D41A300AFAC77 /* Debugging History */; };
		22EE6589286EF09B00AFAC77 /* UITextFieldExt+.swift in Sources */ = {isa = PBXBuildFile; fileRef = 22EE6588286EF09B00AFAC77 /* UITextFieldExt+.swift */; };
		22EE65EA2872DB8700AFAC77 /* CMTimeExt+.swift in Sources */ = {isa = PBXBuildFile; fileRef = 22EE65E92872DB8700AFAC77 /* CMTimeExt+.swift */; };
		22EE65EC2873E1C500AFAC77 /* CustomAlbum.swift in Sources */ = {isa = PBXBuildFile; fileRef = 22EE65EB2873E1C500AFAC77 /* CustomAlbum.swift */; };
		22EE65EE2873E81100AFAC77 /* CustomAlbum2.swift in Sources */ = {isa = PBXBuildFile; fileRef = 22EE65ED2873E81100AFAC77 /* CustomAlbum2.swift */; };
		22EE65F02873E85600AFAC77 /* ErrorExt+.swift in Sources */ = {isa = PBXBuildFile; fileRef = 22EE65EF2873E85600AFAC77 /* ErrorExt+.swift */; };
		22EE65F22874004800AFAC77 /* DoubleExt+.swift in Sources */ = {isa = PBXBuildFile; fileRef = 22EE65F12874004800AFAC77 /* DoubleExt+.swift */; };
		22EE65F42874170E00AFAC77 /* MyCustomAlbum.swift in Sources */ = {isa = PBXBuildFile; fileRef = 22EE65F32874170E00AFAC77 /* MyCustomAlbum.swift */; };
		22EE65F628743A9F00AFAC77 /* IncrementingIndex+Helper.swift in Sources */ = {isa = PBXBuildFile; fileRef = 22EE65F528743A9F00AFAC77 /* IncrementingIndex+Helper.swift */; };
		22EE66182875291900AFAC77 /* UserDefaultSetup.swift in Sources */ = {isa = PBXBuildFile; fileRef = 22EE66172875291900AFAC77 /* UserDefaultSetup.swift */; };
		22F65DF2283E2DFB00646FCD /* EditorService.swift in Sources */ = {isa = PBXBuildFile; fileRef = 22F65DF1283E2DFB00646FCD /* EditorService.swift */; };
		22F65DFE283F75A100646FCD /* TrimmingController.swift in Sources */ = {isa = PBXBuildFile; fileRef = 22F65DFD283F75A100646FCD /* TrimmingController.swift */; };
		22F65E672840C72500646FCD /* TrimmerController.swift in Sources */ = {isa = PBXBuildFile; fileRef = 22F65E662840C72500646FCD /* TrimmerController.swift */; };
		22F65E692840D29700646FCD /* MovementListController.swift in Sources */ = {isa = PBXBuildFile; fileRef = 22F65E682840D29700646FCD /* MovementListController.swift */; };
		22F65E6E2844770100646FCD /* MovementCell.swift in Sources */ = {isa = PBXBuildFile; fileRef = 22F65E6D2844770100646FCD /* MovementCell.swift */; };
		22F65E702844772300646FCD /* MovementViewModel.swift in Sources */ = {isa = PBXBuildFile; fileRef = 22F65E6F2844772300646FCD /* MovementViewModel.swift */; };
		22F65E7C2845F47900646FCD /* ColorExt.swift in Sources */ = {isa = PBXBuildFile; fileRef = 22F65E7B2845F47900646FCD /* ColorExt.swift */; };
		22F65EA228484AB900646FCD /* ImgBtnView.swift in Sources */ = {isa = PBXBuildFile; fileRef = 22F65EA128484AB900646FCD /* ImgBtnView.swift */; };
		22F65EA428484AD100646FCD /* ButtonWithInfo.swift in Sources */ = {isa = PBXBuildFile; fileRef = 22F65EA328484AD100646FCD /* ButtonWithInfo.swift */; };
		22F65EB22849B0FA00646FCD /* UIView+Ext.swift in Sources */ = {isa = PBXBuildFile; fileRef = 22F65EB12849B0FA00646FCD /* UIView+Ext.swift */; };
		22F65EB6284EDC6100646FCD /* ScoreButton.swift in Sources */ = {isa = PBXBuildFile; fileRef = 22F65EB5284EDC6100646FCD /* ScoreButton.swift */; };
		22F65EB8284EDCA200646FCD /* SelectableButton.swift in Sources */ = {isa = PBXBuildFile; fileRef = 22F65EB7284EDCA200646FCD /* SelectableButton.swift */; };
		22F65EBA284EDCB600646FCD /* SelectableButtonStackView.swift in Sources */ = {isa = PBXBuildFile; fileRef = 22F65EB9284EDCB600646FCD /* SelectableButtonStackView.swift */; };
		22F65EBC284EDDC600646FCD /* RemovableCell.swift in Sources */ = {isa = PBXBuildFile; fileRef = 22F65EBB284EDDC600646FCD /* RemovableCell.swift */; };
		22F65EBE284EDF0F00646FCD /* ScoreBtnView.swift in Sources */ = {isa = PBXBuildFile; fileRef = 22F65EBD284EDF0F00646FCD /* ScoreBtnView.swift */; };
		22F84AA62876D5AE0075BB59 /* AppUtility.swift in Sources */ = {isa = PBXBuildFile; fileRef = 22F84AA52876D5AE0075BB59 /* AppUtility.swift */; };
		3A73CB3F92B01C92EA9C388B /* Pods_MultiPeer.framework in Frameworks */ = {isa = PBXBuildFile; fileRef = 43DB5FCC617ADEAE491966E2 /* Pods_MultiPeer.framework */; };
		9A7545BB283B596F00558CA7 /* SoundService.swift in Sources */ = {isa = PBXBuildFile; fileRef = 9A7545BA283B596F00558CA7 /* SoundService.swift */; };
		E54927E5283B878A0049D00A /* SubjectTableCell.swift in Sources */ = {isa = PBXBuildFile; fileRef = E54927E4283B878A0049D00A /* SubjectTableCell.swift */; };
		E54927E7283B87D30049D00A /* ScreenTableCell.swift in Sources */ = {isa = PBXBuildFile; fileRef = E54927E6283B87D30049D00A /* ScreenTableCell.swift */; };
/* End PBXBuildFile section */

/* Begin PBXFileReference section */
		22244D1E28586AC900B3D03C /* toFix */ = {isa = PBXFileReference; lastKnownFileType = text; path = toFix; sourceTree = "<group>"; };
		22244D2028596BDE00B3D03C /* TestViewController.swift */ = {isa = PBXFileReference; lastKnownFileType = sourcecode.swift; path = TestViewController.swift; sourceTree = "<group>"; };
		22244D282859C2CC00B3D03C /* Assets.xcassets */ = {isa = PBXFileReference; lastKnownFileType = folder.assetcatalog; path = Assets.xcassets; sourceTree = "<group>"; };
		22244D2B2859C2EE00B3D03C /* countDownLottie.json */ = {isa = PBXFileReference; fileEncoding = 4; lastKnownFileType = text.json; path = countDownLottie.json; sourceTree = "<group>"; };
		22244D2C2859C2EE00B3D03C /* completeLottie.json */ = {isa = PBXFileReference; fileEncoding = 4; lastKnownFileType = text.json; path = completeLottie.json; sourceTree = "<group>"; };
		22244D2D2859C2EE00B3D03C /* loadingLottie.json */ = {isa = PBXFileReference; fileEncoding = 4; lastKnownFileType = text.json; path = loadingLottie.json; sourceTree = "<group>"; };
		22244D2E2859C2EE00B3D03C /* countDown.json */ = {isa = PBXFileReference; fileEncoding = 4; lastKnownFileType = text.json; path = countDown.json; sourceTree = "<group>"; };
		22244D2F2859C2EE00B3D03C /* checkmark.json */ = {isa = PBXFileReference; fileEncoding = 4; lastKnownFileType = text.json; path = checkmark.json; sourceTree = "<group>"; };
		22244D352859D16A00B3D03C /* UIViewControllerExt+.swift */ = {isa = PBXFileReference; lastKnownFileType = sourcecode.swift; path = "UIViewControllerExt+.swift"; sourceTree = "<group>"; };
		22244D5A285B0F3000B3D03C /* completeLottie2.json */ = {isa = PBXFileReference; fileEncoding = 4; lastKnownFileType = text.json; path = completeLottie2.json; sourceTree = "<group>"; };
		22244D5C285B262B00B3D03C /* Updates */ = {isa = PBXFileReference; lastKnownFileType = text; path = Updates; sourceTree = "<group>"; };
		22244D6128655AD600B3D03C /* Inspector+Helper.swift */ = {isa = PBXFileReference; lastKnownFileType = sourcecode.swift; path = "Inspector+Helper.swift"; sourceTree = "<group>"; };
		22244D6428655FF600B3D03C /* InspectorController.swift */ = {isa = PBXFileReference; lastKnownFileType = sourcecode.swift; path = InspectorController.swift; sourceTree = "<group>"; };
		22244D662865616400B3D03C /* AddingInspectorController.swift */ = {isa = PBXFileReference; lastKnownFileType = sourcecode.swift; path = AddingInspectorController.swift; sourceTree = "<group>"; };
		22244D68286561E300B3D03C /* InspectorTableCell.swift */ = {isa = PBXFileReference; lastKnownFileType = sourcecode.swift; path = InspectorTableCell.swift; sourceTree = "<group>"; };
		22244D6A286562F700B3D03C /* InspectorViewModel.swift */ = {isa = PBXFileReference; lastKnownFileType = sourcecode.swift; path = InspectorViewModel.swift; sourceTree = "<group>"; };
		22315E3A282E1F8F0093079B /* ScreenCollectionCell.swift */ = {isa = PBXFileReference; lastKnownFileType = sourcecode.swift; path = ScreenCollectionCell.swift; sourceTree = "<group>"; };
		22315E3C282E1FCB0093079B /* ScreenViewModel.swift */ = {isa = PBXFileReference; lastKnownFileType = sourcecode.swift; path = ScreenViewModel.swift; sourceTree = "<group>"; };
		22315E3E282E38D40093079B /* TrialCore+Helper.swift */ = {isa = PBXFileReference; lastKnownFileType = sourcecode.swift; path = "TrialCore+Helper.swift"; sourceTree = "<group>"; };
		22315E40282E4CA30093079B /* MemoForCoreData */ = {isa = PBXFileReference; lastKnownFileType = text; path = MemoForCoreData; sourceTree = "<group>"; };
		2265AC4D2817F42300E0FCCF /* CameraController.swift */ = {isa = PBXFileReference; lastKnownFileType = sourcecode.swift; path = CameraController.swift; sourceTree = "<group>"; };
		226D20DE282DE6C5001D6019 /* StringExt+.swift */ = {isa = PBXFileReference; lastKnownFileType = sourcecode.swift; path = "StringExt+.swift"; sourceTree = "<group>"; };
		226D87662834E07600E3F547 /* RemovableProtocol.swift */ = {isa = PBXFileReference; lastKnownFileType = sourcecode.swift; path = RemovableProtocol.swift; sourceTree = "<group>"; };
		226D87682834FE7B00E3F547 /* TODO */ = {isa = PBXFileReference; lastKnownFileType = text; path = TODO; sourceTree = "<group>"; };
		226D876A2835D9F000E3F547 /* Int64Ext+.swift */ = {isa = PBXFileReference; lastKnownFileType = sourcecode.swift; path = "Int64Ext+.swift"; sourceTree = "<group>"; };
		227648CD2831E75900214EBF /* TrialDetail+Helper.swift */ = {isa = PBXFileReference; lastKnownFileType = sourcecode.swift; path = "TrialDetail+Helper.swift"; sourceTree = "<group>"; };
		227648D528321B9200214EBF /* ScreenDetailController.swift */ = {isa = PBXFileReference; lastKnownFileType = sourcecode.swift; path = ScreenDetailController.swift; sourceTree = "<group>"; };
		2278625E2807EB8300C9EB79 /* ConnectionManager.swift */ = {isa = PBXFileReference; lastKnownFileType = sourcecode.swift; path = ConnectionManager.swift; sourceTree = "<group>"; };
		2279505D282B87BC00B675A1 /* SubjectViewModel.swift */ = {isa = PBXFileReference; lastKnownFileType = sourcecode.swift; path = SubjectViewModel.swift; sourceTree = "<group>"; };
		22795060282B880800B675A1 /* SubjectCollectionCell.swift */ = {isa = PBXFileReference; lastKnownFileType = sourcecode.swift; path = SubjectCollectionCell.swift; sourceTree = "<group>"; };
		22795062282B8F8C00B675A1 /* AddingSubjectController.swift */ = {isa = PBXFileReference; lastKnownFileType = sourcecode.swift; path = AddingSubjectController.swift; sourceTree = "<group>"; };
		22795067282B929A00B675A1 /* MovementModels.swift */ = {isa = PBXFileReference; lastKnownFileType = sourcecode.swift; path = MovementModels.swift; sourceTree = "<group>"; };
		22795069282B92DA00B675A1 /* Subject.swift */ = {isa = PBXFileReference; lastKnownFileType = sourcecode.swift; path = Subject.swift; sourceTree = "<group>"; };
		2279506C282B931A00B675A1 /* APIModels.swift */ = {isa = PBXFileReference; lastKnownFileType = sourcecode.swift; path = APIModels.swift; sourceTree = "<group>"; };
		2279506F282B937C00B675A1 /* MsgModels.swift */ = {isa = PBXFileReference; lastKnownFileType = sourcecode.swift; path = MsgModels.swift; sourceTree = "<group>"; };
		22795071282B939B00B675A1 /* MovementLists.swift */ = {isa = PBXFileReference; lastKnownFileType = sourcecode.swift; path = MovementLists.swift; sourceTree = "<group>"; };
		22795074282B965D00B675A1 /* SubjectDetailController.swift */ = {isa = PBXFileReference; lastKnownFileType = sourcecode.swift; path = SubjectDetailController.swift; sourceTree = "<group>"; };
		2279507A282BA58600B675A1 /* Model.xcdatamodel */ = {isa = PBXFileReference; lastKnownFileType = wrapper.xcdatamodel; path = Model.xcdatamodel; sourceTree = "<group>"; };
		227950B1282BB8F900B675A1 /* Subject+Helper.swift */ = {isa = PBXFileReference; lastKnownFileType = sourcecode.swift; path = "Subject+Helper.swift"; sourceTree = "<group>"; };
		227950B4282BBE1600B675A1 /* PersistenceController.swift */ = {isa = PBXFileReference; lastKnownFileType = sourcecode.swift; path = PersistenceController.swift; sourceTree = "<group>"; };
		227950B6282BBF8500B675A1 /* Screen+Helper.swift */ = {isa = PBXFileReference; lastKnownFileType = sourcecode.swift; path = "Screen+Helper.swift"; sourceTree = "<group>"; };
		227950B8282BBF8F00B675A1 /* PositionTitleCore+Helper.swift */ = {isa = PBXFileReference; lastKnownFileType = sourcecode.swift; path = "PositionTitleCore+Helper.swift"; sourceTree = "<group>"; };
		227DA6C12828F5C20097F8F1 /* APIManager.swift */ = {isa = PBXFileReference; lastKnownFileType = sourcecode.swift; path = APIManager.swift; sourceTree = "<group>"; };
		227DA6C32829103D0097F8F1 /* SoundTestViewController.swift */ = {isa = PBXFileReference; lastKnownFileType = sourcecode.swift; path = SoundTestViewController.swift; sourceTree = "<group>"; };
		227DA6C528291D450097F8F1 /* Memos */ = {isa = PBXFileReference; lastKnownFileType = text; path = Memos; sourceTree = "<group>"; };
		227DA6C7282B60180097F8F1 /* SubjectController.swift */ = {isa = PBXFileReference; lastKnownFileType = sourcecode.swift; path = SubjectController.swift; sourceTree = "<group>"; };
		227E7C922833A5C800084BA2 /* CameraWithCoreData */ = {isa = PBXFileReference; lastKnownFileType = text; path = CameraWithCoreData; sourceTree = "<group>"; };
		2280DCD5283253F70036632E /* TrialCell.swift */ = {isa = PBXFileReference; lastKnownFileType = sourcecode.swift; path = TrialCell.swift; sourceTree = "<group>"; };
		2280DCD7283254100036632E /* TrialViewModel.swift */ = {isa = PBXFileReference; lastKnownFileType = sourcecode.swift; path = TrialViewModel.swift; sourceTree = "<group>"; };
		2280DCDA28334BEE0036632E /* TrialHeader.swift */ = {isa = PBXFileReference; lastKnownFileType = sourcecode.swift; path = TrialHeader.swift; sourceTree = "<group>"; };
		2283BEC1281A884F007D74FC /* NotificationNameExt+.swift */ = {isa = PBXFileReference; lastKnownFileType = sourcecode.swift; path = "NotificationNameExt+.swift"; sourceTree = "<group>"; };
		2283BEC3281B8732007D74FC /* Util+.swift */ = {isa = PBXFileReference; lastKnownFileType = sourcecode.swift; path = "Util+.swift"; sourceTree = "<group>"; };
		2283BEC6281FDFB5007D74FC /* ScoreController.swift */ = {isa = PBXFileReference; lastKnownFileType = sourcecode.swift; path = ScoreController.swift; sourceTree = "<group>"; };
		22889EFC2820CA96002A9C4F /* PreviewController.swift */ = {isa = PBXFileReference; lastKnownFileType = sourcecode.swift; path = PreviewController.swift; sourceTree = "<group>"; };
		228B88332806577A007A6842 /* MultiPeer.app */ = {isa = PBXFileReference; explicitFileType = wrapper.application; includeInIndex = 0; path = MultiPeer.app; sourceTree = BUILT_PRODUCTS_DIR; };
		228B88362806577A007A6842 /* AppDelegate.swift */ = {isa = PBXFileReference; lastKnownFileType = sourcecode.swift; path = AppDelegate.swift; sourceTree = "<group>"; };
		228B88382806577A007A6842 /* SceneDelegate.swift */ = {isa = PBXFileReference; lastKnownFileType = sourcecode.swift; path = SceneDelegate.swift; sourceTree = "<group>"; };
		228B884228065784007A6842 /* Base */ = {isa = PBXFileReference; lastKnownFileType = file.storyboard; name = Base; path = Base.lproj/LaunchScreen.storyboard; sourceTree = "<group>"; };
		228B884428065784007A6842 /* Info.plist */ = {isa = PBXFileReference; lastKnownFileType = text.plist.xml; path = Info.plist; sourceTree = "<group>"; };
		22A0342F28572462005FDF0F /* DirectionBtnView.swift */ = {isa = PBXFileReference; lastKnownFileType = sourcecode.swift; path = DirectionBtnView.swift; sourceTree = "<group>"; };
		22A034312857246B005FDF0F /* DirectionBtnStackView.swift */ = {isa = PBXFileReference; lastKnownFileType = sourcecode.swift; path = DirectionBtnStackView.swift; sourceTree = "<group>"; };
		22ACAF5428094ACF007277A7 /* DateExt+.swift */ = {isa = PBXFileReference; lastKnownFileType = sourcecode.swift; path = "DateExt+.swift"; sourceTree = "<group>"; };
		22EE6527286D419100AFAC77 /* Debugging History.swift */ = {isa = PBXFileReference; lastKnownFileType = sourcecode.swift; path = "Debugging History.swift"; sourceTree = "<group>"; };
		22EE6529286D41A300AFAC77 /* Debugging History */ = {isa = PBXFileReference; lastKnownFileType = text; path = "Debugging History"; sourceTree = "<group>"; };
		22EE6588286EF09B00AFAC77 /* UITextFieldExt+.swift */ = {isa = PBXFileReference; lastKnownFileType = sourcecode.swift; path = "UITextFieldExt+.swift"; sourceTree = "<group>"; };
		22EE65E92872DB8700AFAC77 /* CMTimeExt+.swift */ = {isa = PBXFileReference; lastKnownFileType = sourcecode.swift; path = "CMTimeExt+.swift"; sourceTree = "<group>"; };
		22EE65EB2873E1C500AFAC77 /* CustomAlbum.swift */ = {isa = PBXFileReference; lastKnownFileType = sourcecode.swift; path = CustomAlbum.swift; sourceTree = "<group>"; };
		22EE65ED2873E81100AFAC77 /* CustomAlbum2.swift */ = {isa = PBXFileReference; lastKnownFileType = sourcecode.swift; path = CustomAlbum2.swift; sourceTree = "<group>"; };
		22EE65EF2873E85600AFAC77 /* ErrorExt+.swift */ = {isa = PBXFileReference; lastKnownFileType = sourcecode.swift; path = "ErrorExt+.swift"; sourceTree = "<group>"; };
		22EE65F12874004800AFAC77 /* DoubleExt+.swift */ = {isa = PBXFileReference; lastKnownFileType = sourcecode.swift; path = "DoubleExt+.swift"; sourceTree = "<group>"; };
		22EE65F32874170E00AFAC77 /* MyCustomAlbum.swift */ = {isa = PBXFileReference; lastKnownFileType = sourcecode.swift; path = MyCustomAlbum.swift; sourceTree = "<group>"; };
		22EE65F528743A9F00AFAC77 /* IncrementingIndex+Helper.swift */ = {isa = PBXFileReference; lastKnownFileType = sourcecode.swift; path = "IncrementingIndex+Helper.swift"; sourceTree = "<group>"; };
		22EE66172875291900AFAC77 /* UserDefaultSetup.swift */ = {isa = PBXFileReference; lastKnownFileType = sourcecode.swift; path = UserDefaultSetup.swift; sourceTree = "<group>"; };
		22F65DF1283E2DFB00646FCD /* EditorService.swift */ = {isa = PBXFileReference; lastKnownFileType = sourcecode.swift; path = EditorService.swift; sourceTree = "<group>"; };
		22F65DFD283F75A100646FCD /* TrimmingController.swift */ = {isa = PBXFileReference; lastKnownFileType = sourcecode.swift; path = TrimmingController.swift; sourceTree = "<group>"; };
		22F65E662840C72500646FCD /* TrimmerController.swift */ = {isa = PBXFileReference; lastKnownFileType = sourcecode.swift; path = TrimmerController.swift; sourceTree = "<group>"; };
		22F65E682840D29700646FCD /* MovementListController.swift */ = {isa = PBXFileReference; lastKnownFileType = sourcecode.swift; path = MovementListController.swift; sourceTree = "<group>"; };
		22F65E6D2844770100646FCD /* MovementCell.swift */ = {isa = PBXFileReference; lastKnownFileType = sourcecode.swift; path = MovementCell.swift; sourceTree = "<group>"; };
		22F65E6F2844772300646FCD /* MovementViewModel.swift */ = {isa = PBXFileReference; lastKnownFileType = sourcecode.swift; path = MovementViewModel.swift; sourceTree = "<group>"; };
		22F65E7B2845F47900646FCD /* ColorExt.swift */ = {isa = PBXFileReference; lastKnownFileType = sourcecode.swift; path = ColorExt.swift; sourceTree = "<group>"; };
		22F65EA128484AB900646FCD /* ImgBtnView.swift */ = {isa = PBXFileReference; lastKnownFileType = sourcecode.swift; path = ImgBtnView.swift; sourceTree = "<group>"; };
		22F65EA328484AD100646FCD /* ButtonWithInfo.swift */ = {isa = PBXFileReference; lastKnownFileType = sourcecode.swift; path = ButtonWithInfo.swift; sourceTree = "<group>"; };
		22F65EB12849B0FA00646FCD /* UIView+Ext.swift */ = {isa = PBXFileReference; lastKnownFileType = sourcecode.swift; path = "UIView+Ext.swift"; sourceTree = "<group>"; };
		22F65EB5284EDC6100646FCD /* ScoreButton.swift */ = {isa = PBXFileReference; lastKnownFileType = sourcecode.swift; path = ScoreButton.swift; sourceTree = "<group>"; };
		22F65EB7284EDCA200646FCD /* SelectableButton.swift */ = {isa = PBXFileReference; lastKnownFileType = sourcecode.swift; path = SelectableButton.swift; sourceTree = "<group>"; };
		22F65EB9284EDCB600646FCD /* SelectableButtonStackView.swift */ = {isa = PBXFileReference; lastKnownFileType = sourcecode.swift; path = SelectableButtonStackView.swift; sourceTree = "<group>"; };
		22F65EBB284EDDC600646FCD /* RemovableCell.swift */ = {isa = PBXFileReference; lastKnownFileType = sourcecode.swift; path = RemovableCell.swift; sourceTree = "<group>"; };
		22F65EBD284EDF0F00646FCD /* ScoreBtnView.swift */ = {isa = PBXFileReference; lastKnownFileType = sourcecode.swift; path = ScoreBtnView.swift; sourceTree = "<group>"; };
		22F84AA52876D5AE0075BB59 /* AppUtility.swift */ = {isa = PBXFileReference; lastKnownFileType = sourcecode.swift; path = AppUtility.swift; sourceTree = "<group>"; };
		43DB5FCC617ADEAE491966E2 /* Pods_MultiPeer.framework */ = {isa = PBXFileReference; explicitFileType = wrapper.framework; includeInIndex = 0; path = Pods_MultiPeer.framework; sourceTree = BUILT_PRODUCTS_DIR; };
		9A7545BA283B596F00558CA7 /* SoundService.swift */ = {isa = PBXFileReference; lastKnownFileType = sourcecode.swift; path = SoundService.swift; sourceTree = "<group>"; };
		AA8C32117F417B1A5C42D8EC /* Pods-MultiPeer.debug.xcconfig */ = {isa = PBXFileReference; includeInIndex = 1; lastKnownFileType = text.xcconfig; name = "Pods-MultiPeer.debug.xcconfig"; path = "Target Support Files/Pods-MultiPeer/Pods-MultiPeer.debug.xcconfig"; sourceTree = "<group>"; };
		B72406CCD7171172A8776BA5 /* Pods-MultiPeer.release.xcconfig */ = {isa = PBXFileReference; includeInIndex = 1; lastKnownFileType = text.xcconfig; name = "Pods-MultiPeer.release.xcconfig"; path = "Target Support Files/Pods-MultiPeer/Pods-MultiPeer.release.xcconfig"; sourceTree = "<group>"; };
		E54927E4283B878A0049D00A /* SubjectTableCell.swift */ = {isa = PBXFileReference; lastKnownFileType = sourcecode.swift; path = SubjectTableCell.swift; sourceTree = "<group>"; };
		E54927E6283B87D30049D00A /* ScreenTableCell.swift */ = {isa = PBXFileReference; lastKnownFileType = sourcecode.swift; path = ScreenTableCell.swift; sourceTree = "<group>"; };
/* End PBXFileReference section */

/* Begin PBXFrameworksBuildPhase section */
		228B88302806577A007A6842 /* Frameworks */ = {
			isa = PBXFrameworksBuildPhase;
			buildActionMask = 2147483647;
			files = (
				3A73CB3F92B01C92EA9C388B /* Pods_MultiPeer.framework in Frameworks */,
			);
			runOnlyForDeploymentPostprocessing = 0;
		};
/* End PBXFrameworksBuildPhase section */

/* Begin PBXGroup section */
		22244D2A2859C2E100B3D03C /* Lottie */ = {
			isa = PBXGroup;
			children = (
				22244D2F2859C2EE00B3D03C /* checkmark.json */,
				22244D2C2859C2EE00B3D03C /* completeLottie.json */,
				22244D2E2859C2EE00B3D03C /* countDown.json */,
				22244D2B2859C2EE00B3D03C /* countDownLottie.json */,
				22244D5A285B0F3000B3D03C /* completeLottie2.json */,
				22244D2D2859C2EE00B3D03C /* loadingLottie.json */,
			);
			path = Lottie;
			sourceTree = "<group>";
		};
		22244D6328655FE000B3D03C /* Inspector */ = {
			isa = PBXGroup;
			children = (
				22244D6428655FF600B3D03C /* InspectorController.swift */,
				22244D6A286562F700B3D03C /* InspectorViewModel.swift */,
				22244D662865616400B3D03C /* AddingInspectorController.swift */,
			);
			path = Inspector;
			sourceTree = "<group>";
		};
		22315E39282E1F750093079B /* SubjectDetail */ = {
			isa = PBXGroup;
			children = (
				22795074282B965D00B675A1 /* SubjectDetailController.swift */,
				22315E3A282E1F8F0093079B /* ScreenCollectionCell.swift */,
				E54927E6283B87D30049D00A /* ScreenTableCell.swift */,
				22315E3C282E1FCB0093079B /* ScreenViewModel.swift */,
			);
			path = SubjectDetail;
			sourceTree = "<group>";
		};
		22795064282B922800B675A1 /* Movement */ = {
			isa = PBXGroup;
			children = (
				22F65E682840D29700646FCD /* MovementListController.swift */,
				22F65E6D2844770100646FCD /* MovementCell.swift */,
				22F65E6F2844772300646FCD /* MovementViewModel.swift */,
			);
			path = Movement;
			sourceTree = "<group>";
		};
		22795065282B924100B675A1 /* Camera */ = {
			isa = PBXGroup;
			children = (
				2265AC4D2817F42300E0FCCF /* CameraController.swift */,
				22A034312857246B005FDF0F /* DirectionBtnStackView.swift */,
				22889EFC2820CA96002A9C4F /* PreviewController.swift */,
				22F65DF1283E2DFB00646FCD /* EditorService.swift */,
				2283BEC6281FDFB5007D74FC /* ScoreController.swift */,
				22F65E662840C72500646FCD /* TrimmerController.swift */,
			);
			path = Camera;
			sourceTree = "<group>";
		};
		22795066282B926600B675A1 /* Subject */ = {
			isa = PBXGroup;
			children = (
				22795069282B92DA00B675A1 /* Subject.swift */,
				227DA6C7282B60180097F8F1 /* SubjectController.swift */,
				22795060282B880800B675A1 /* SubjectCollectionCell.swift */,
				E54927E4283B878A0049D00A /* SubjectTableCell.swift */,
				2279505D282B87BC00B675A1 /* SubjectViewModel.swift */,
				22795062282B8F8C00B675A1 /* AddingSubjectController.swift */,
				22315E39282E1F750093079B /* SubjectDetail */,
				2280DCD92832541B0036632E /* TrialDetail */,
			);
			path = Subject;
			sourceTree = "<group>";
		};
		2279506B282B92F300B675A1 /* API */ = {
			isa = PBXGroup;
			children = (
				227DA6C12828F5C20097F8F1 /* APIManager.swift */,
				2279506C282B931A00B675A1 /* APIModels.swift */,
				9A7545BA283B596F00558CA7 /* SoundService.swift */,
			);
			path = API;
			sourceTree = "<group>";
		};
		2279506E282B936500B675A1 /* Connection */ = {
			isa = PBXGroup;
			children = (
				2278625E2807EB8300C9EB79 /* ConnectionManager.swift */,
				2279506F282B937C00B675A1 /* MsgModels.swift */,
				2283BEC1281A884F007D74FC /* NotificationNameExt+.swift */,
			);
			path = Connection;
			sourceTree = "<group>";
		};
		22795073282B94AC00B675A1 /* SubViews */ = {
			isa = PBXGroup;
			children = (
				22F65EA128484AB900646FCD /* ImgBtnView.swift */,
				22F65EA328484AD100646FCD /* ButtonWithInfo.swift */,
				22F65EB5284EDC6100646FCD /* ScoreButton.swift */,
				22F65EB7284EDCA200646FCD /* SelectableButton.swift */,
				22F65EB9284EDCB600646FCD /* SelectableButtonStackView.swift */,
				22A0342F28572462005FDF0F /* DirectionBtnView.swift */,
			);
			path = SubViews;
			sourceTree = "<group>";
		};
		227950B3282BBDA500B675A1 /* Model */ = {
			isa = PBXGroup;
			children = (
				22795079282BA58600B675A1 /* Model.xcdatamodeld */,
				22315E3E282E38D40093079B /* TrialCore+Helper.swift */,
				227648CD2831E75900214EBF /* TrialDetail+Helper.swift */,
				227950B1282BB8F900B675A1 /* Subject+Helper.swift */,
				22244D6128655AD600B3D03C /* Inspector+Helper.swift */,
				22EE65F528743A9F00AFAC77 /* IncrementingIndex+Helper.swift */,
				227950B6282BBF8500B675A1 /* Screen+Helper.swift */,
				227950B8282BBF8F00B675A1 /* PositionTitleCore+Helper.swift */,
				226D87662834E07600E3F547 /* RemovableProtocol.swift */,
				22795067282B929A00B675A1 /* MovementModels.swift */,
				22795071282B939B00B675A1 /* MovementLists.swift */,
				227950B4282BBE1600B675A1 /* PersistenceController.swift */,
				22EE66172875291900AFAC77 /* UserDefaultSetup.swift */,
			);
			path = Model;
			sourceTree = "<group>";
		};
		2280DCD92832541B0036632E /* TrialDetail */ = {
			isa = PBXGroup;
			children = (
				227648D528321B9200214EBF /* ScreenDetailController.swift */,
				2280DCD5283253F70036632E /* TrialCell.swift */,
				2280DCD7283254100036632E /* TrialViewModel.swift */,
				2280DCDA28334BEE0036632E /* TrialHeader.swift */,
			);
			path = TrialDetail;
			sourceTree = "<group>";
		};
		228B882A2806577A007A6842 = {
			isa = PBXGroup;
			children = (
				22244D68286561E300B3D03C /* InspectorTableCell.swift */,
				22244D5C285B262B00B3D03C /* Updates */,
				22244D2028596BDE00B3D03C /* TestViewController.swift */,
				227DA6C528291D450097F8F1 /* Memos */,
				22315E40282E4CA30093079B /* MemoForCoreData */,
				227E7C922833A5C800084BA2 /* CameraWithCoreData */,
				226D87682834FE7B00E3F547 /* TODO */,
				22EE6529286D41A300AFAC77 /* Debugging History */,
				22EE6527286D419100AFAC77 /* Debugging History.swift */,
				22244D1E28586AC900B3D03C /* toFix */,
				22F65DFD283F75A100646FCD /* TrimmingController.swift */,
				22EE65F32874170E00AFAC77 /* MyCustomAlbum.swift */,
				22EE65EB2873E1C500AFAC77 /* CustomAlbum.swift */,
				22EE65EF2873E85600AFAC77 /* ErrorExt+.swift */,
				22EE65ED2873E81100AFAC77 /* CustomAlbum2.swift */,
				227DA6C32829103D0097F8F1 /* SoundTestViewController.swift */,
				228B88352806577A007A6842 /* MultiPeer */,
				228B88342806577A007A6842 /* Products */,
				6C823DBE391EE5CB5A4C0AA5 /* Pods */,
				6F98C3DBED4EA4948B2B95DE /* Frameworks */,
			);
			sourceTree = "<group>";
		};
		228B88342806577A007A6842 /* Products */ = {
			isa = PBXGroup;
			children = (
				228B88332806577A007A6842 /* MultiPeer.app */,
			);
			name = Products;
			sourceTree = "<group>";
		};
		228B88352806577A007A6842 /* MultiPeer */ = {
			isa = PBXGroup;
			children = (
				228B88362806577A007A6842 /* AppDelegate.swift */,
				228B88382806577A007A6842 /* SceneDelegate.swift */,
				22795064282B922800B675A1 /* Movement */,
				22795065282B924100B675A1 /* Camera */,
				22244D6328655FE000B3D03C /* Inspector */,
				22795066282B926600B675A1 /* Subject */,
				22795073282B94AC00B675A1 /* SubViews */,
				2279506B282B92F300B675A1 /* API */,
				2279506E282B936500B675A1 /* Connection */,
				227950B3282BBDA500B675A1 /* Model */,
				22F65E6C2844750600646FCD /* Extensions */,
				228B884128065784007A6842 /* LaunchScreen.storyboard */,
				22244D2A2859C2E100B3D03C /* Lottie */,
				22244D282859C2CC00B3D03C /* Assets.xcassets */,
				228B884428065784007A6842 /* Info.plist */,
				22F65EBD284EDF0F00646FCD /* ScoreBtnView.swift */,
			);
			path = MultiPeer;
			sourceTree = "<group>";
		};
		22F65E6C2844750600646FCD /* Extensions */ = {
			isa = PBXGroup;
			children = (
				226D20DE282DE6C5001D6019 /* StringExt+.swift */,
				226D876A2835D9F000E3F547 /* Int64Ext+.swift */,
				2283BEC3281B8732007D74FC /* Util+.swift */,
				22ACAF5428094ACF007277A7 /* DateExt+.swift */,
				22F65E7B2845F47900646FCD /* ColorExt.swift */,
				22F65EB12849B0FA00646FCD /* UIView+Ext.swift */,
				22EE65F12874004800AFAC77 /* DoubleExt+.swift */,
				22F65EBB284EDDC600646FCD /* RemovableCell.swift */,
				22244D352859D16A00B3D03C /* UIViewControllerExt+.swift */,
				22F84AA52876D5AE0075BB59 /* AppUtility.swift */,
				22EE6588286EF09B00AFAC77 /* UITextFieldExt+.swift */,
				22EE65E92872DB8700AFAC77 /* CMTimeExt+.swift */,
			);
			path = Extensions;
			sourceTree = "<group>";
		};
		6C823DBE391EE5CB5A4C0AA5 /* Pods */ = {
			isa = PBXGroup;
			children = (
				AA8C32117F417B1A5C42D8EC /* Pods-MultiPeer.debug.xcconfig */,
				B72406CCD7171172A8776BA5 /* Pods-MultiPeer.release.xcconfig */,
			);
			path = Pods;
			sourceTree = "<group>";
		};
		6F98C3DBED4EA4948B2B95DE /* Frameworks */ = {
			isa = PBXGroup;
			children = (
				43DB5FCC617ADEAE491966E2 /* Pods_MultiPeer.framework */,
			);
			name = Frameworks;
			sourceTree = "<group>";
		};
/* End PBXGroup section */

/* Begin PBXNativeTarget section */
		228B88322806577A007A6842 /* MultiPeer */ = {
			isa = PBXNativeTarget;
			buildConfigurationList = 228B884728065784007A6842 /* Build configuration list for PBXNativeTarget "MultiPeer" */;
			buildPhases = (
				2A4290338D15EEDEE4B485D7 /* [CP] Check Pods Manifest.lock */,
				228B882F2806577A007A6842 /* Sources */,
				228B88302806577A007A6842 /* Frameworks */,
				228B88312806577A007A6842 /* Resources */,
				81B0AD825B70B0374278A026 /* [CP] Embed Pods Frameworks */,
			);
			buildRules = (
			);
			dependencies = (
			);
			name = MultiPeer;
			productName = MultiPeer;
			productReference = 228B88332806577A007A6842 /* MultiPeer.app */;
			productType = "com.apple.product-type.application";
		};
/* End PBXNativeTarget section */

/* Begin PBXProject section */
		228B882B2806577A007A6842 /* Project object */ = {
			isa = PBXProject;
			attributes = {
				BuildIndependentTargetsInParallel = 1;
				LastSwiftUpdateCheck = 1330;
				LastUpgradeCheck = 1330;
				TargetAttributes = {
					228B88322806577A007A6842 = {
						CreatedOnToolsVersion = 13.3;
					};
				};
			};
			buildConfigurationList = 228B882E2806577A007A6842 /* Build configuration list for PBXProject "MultiPeer" */;
			compatibilityVersion = "Xcode 13.0";
			developmentRegion = en;
			hasScannedForEncodings = 0;
			knownRegions = (
				en,
				Base,
			);
			mainGroup = 228B882A2806577A007A6842;
			productRefGroup = 228B88342806577A007A6842 /* Products */;
			projectDirPath = "";
			projectRoot = "";
			targets = (
				228B88322806577A007A6842 /* MultiPeer */,
			);
		};
/* End PBXProject section */

/* Begin PBXResourcesBuildPhase section */
		228B88312806577A007A6842 /* Resources */ = {
			isa = PBXResourcesBuildPhase;
			buildActionMask = 2147483647;
			files = (
				227E7C932833A5C800084BA2 /* CameraWithCoreData in Resources */,
				22244D322859C2EE00B3D03C /* loadingLottie.json in Resources */,
				228B884328065784007A6842 /* LaunchScreen.storyboard in Resources */,
				22EE652A286D41A300AFAC77 /* Debugging History in Resources */,
				22244D332859C2EE00B3D03C /* countDown.json in Resources */,
				22315E41282E4CA40093079B /* MemoForCoreData in Resources */,
				22244D292859C2CC00B3D03C /* Assets.xcassets in Resources */,
				22244D5B285B0F3000B3D03C /* completeLottie2.json in Resources */,
				22244D342859C2EE00B3D03C /* checkmark.json in Resources */,
				22244D5D285B262B00B3D03C /* Updates in Resources */,
				22244D1F28586AC900B3D03C /* toFix in Resources */,
				226D87692834FE7B00E3F547 /* TODO in Resources */,
				22244D312859C2EE00B3D03C /* completeLottie.json in Resources */,
				22244D302859C2EE00B3D03C /* countDownLottie.json in Resources */,
				227DA6C628291D450097F8F1 /* Memos in Resources */,
			);
			runOnlyForDeploymentPostprocessing = 0;
		};
/* End PBXResourcesBuildPhase section */

/* Begin PBXShellScriptBuildPhase section */
		2A4290338D15EEDEE4B485D7 /* [CP] Check Pods Manifest.lock */ = {
			isa = PBXShellScriptBuildPhase;
			buildActionMask = 2147483647;
			files = (
			);
			inputFileListPaths = (
			);
			inputPaths = (
				"${PODS_PODFILE_DIR_PATH}/Podfile.lock",
				"${PODS_ROOT}/Manifest.lock",
			);
			name = "[CP] Check Pods Manifest.lock";
			outputFileListPaths = (
			);
			outputPaths = (
				"$(DERIVED_FILE_DIR)/Pods-MultiPeer-checkManifestLockResult.txt",
			);
			runOnlyForDeploymentPostprocessing = 0;
			shellPath = /bin/sh;
			shellScript = "diff \"${PODS_PODFILE_DIR_PATH}/Podfile.lock\" \"${PODS_ROOT}/Manifest.lock\" > /dev/null\nif [ $? != 0 ] ; then\n    # print error to STDERR\n    echo \"error: The sandbox is not in sync with the Podfile.lock. Run 'pod install' or update your CocoaPods installation.\" >&2\n    exit 1\nfi\n# This output is used by Xcode 'outputs' to avoid re-running this script phase.\necho \"SUCCESS\" > \"${SCRIPT_OUTPUT_FILE_0}\"\n";
			showEnvVarsInLog = 0;
		};
		81B0AD825B70B0374278A026 /* [CP] Embed Pods Frameworks */ = {
			isa = PBXShellScriptBuildPhase;
			buildActionMask = 2147483647;
			files = (
			);
			inputFileListPaths = (
				"${PODS_ROOT}/Target Support Files/Pods-MultiPeer/Pods-MultiPeer-frameworks-${CONFIGURATION}-input-files.xcfilelist",
			);
			name = "[CP] Embed Pods Frameworks";
			outputFileListPaths = (
				"${PODS_ROOT}/Target Support Files/Pods-MultiPeer/Pods-MultiPeer-frameworks-${CONFIGURATION}-output-files.xcfilelist",
			);
			runOnlyForDeploymentPostprocessing = 0;
			shellPath = /bin/sh;
			shellScript = "\"${PODS_ROOT}/Target Support Files/Pods-MultiPeer/Pods-MultiPeer-frameworks.sh\"\n";
			showEnvVarsInLog = 0;
		};
/* End PBXShellScriptBuildPhase section */

/* Begin PBXSourcesBuildPhase section */
		228B882F2806577A007A6842 /* Sources */ = {
			isa = PBXSourcesBuildPhase;
			buildActionMask = 2147483647;
			files = (
				22EE65F42874170E00AFAC77 /* MyCustomAlbum.swift in Sources */,
				22A034322857246B005FDF0F /* DirectionBtnStackView.swift in Sources */,
				22F84AA62876D5AE0075BB59 /* AppUtility.swift in Sources */,
				22EE65F22874004800AFAC77 /* DoubleExt+.swift in Sources */,
				22F65EB22849B0FA00646FCD /* UIView+Ext.swift in Sources */,
				22F65E6E2844770100646FCD /* MovementCell.swift in Sources */,
				22795075282B965D00B675A1 /* SubjectDetailController.swift in Sources */,
				227648D628321B9200214EBF /* ScreenDetailController.swift in Sources */,
				2279506D282B931A00B675A1 /* APIModels.swift in Sources */,
				226D876B2835D9F000E3F547 /* Int64Ext+.swift in Sources */,
				227DA6C8282B60180097F8F1 /* SubjectController.swift in Sources */,
				22244D672865616400B3D03C /* AddingInspectorController.swift in Sources */,
				22244D362859D16A00B3D03C /* UIViewControllerExt+.swift in Sources */,
				22EE66182875291900AFAC77 /* UserDefaultSetup.swift in Sources */,
				227950B2282BB8F900B675A1 /* Subject+Helper.swift in Sources */,
				226D87672834E07600E3F547 /* RemovableProtocol.swift in Sources */,
				22A0343028572462005FDF0F /* DirectionBtnView.swift in Sources */,
				22F65DF2283E2DFB00646FCD /* EditorService.swift in Sources */,
				2278625F2807EB8300C9EB79 /* ConnectionManager.swift in Sources */,
				22795072282B939B00B675A1 /* MovementLists.swift in Sources */,
				22795063282B8F8D00B675A1 /* AddingSubjectController.swift in Sources */,
				22315E3B282E1F8F0093079B /* ScreenCollectionCell.swift in Sources */,
				22EE65F02873E85600AFAC77 /* ErrorExt+.swift in Sources */,
				227648CE2831E75900214EBF /* TrialDetail+Helper.swift in Sources */,
				22EE65F628743A9F00AFAC77 /* IncrementingIndex+Helper.swift in Sources */,
				9A7545BB283B596F00558CA7 /* SoundService.swift in Sources */,
				22F65E692840D29700646FCD /* MovementListController.swift in Sources */,
				227950B9282BBF8F00B675A1 /* PositionTitleCore+Helper.swift in Sources */,
				E54927E5283B878A0049D00A /* SubjectTableCell.swift in Sources */,
				22EE6589286EF09B00AFAC77 /* UITextFieldExt+.swift in Sources */,
				2279507B282BA58600B675A1 /* Model.xcdatamodeld in Sources */,
				2283BEC4281B8732007D74FC /* Util+.swift in Sources */,
				2279505E282B87BC00B675A1 /* SubjectViewModel.swift in Sources */,
				227950B7282BBF8500B675A1 /* Screen+Helper.swift in Sources */,
				22F65E7C2845F47900646FCD /* ColorExt.swift in Sources */,
				22244D6528655FF600B3D03C /* InspectorController.swift in Sources */,
				22244D6228655AD600B3D03C /* Inspector+Helper.swift in Sources */,
				22ACAF5528094ACF007277A7 /* DateExt+.swift in Sources */,
				22F65E702844772300646FCD /* MovementViewModel.swift in Sources */,
				22F65EA428484AD100646FCD /* ButtonWithInfo.swift in Sources */,
				227950B5282BBE1600B675A1 /* PersistenceController.swift in Sources */,
				22F65EBA284EDCB600646FCD /* SelectableButtonStackView.swift in Sources */,
				22795070282B937C00B675A1 /* MsgModels.swift in Sources */,
				22F65EB6284EDC6100646FCD /* ScoreButton.swift in Sources */,
				22795068282B929A00B675A1 /* MovementModels.swift in Sources */,
				22EE65EE2873E81100AFAC77 /* CustomAlbum2.swift in Sources */,
				226D20DF282DE6C6001D6019 /* StringExt+.swift in Sources */,
				2279506A282B92DA00B675A1 /* Subject.swift in Sources */,
				2283BEC2281A884F007D74FC /* NotificationNameExt+.swift in Sources */,
				2280DCDB28334BEE0036632E /* TrialHeader.swift in Sources */,
				22F65EB8284EDCA200646FCD /* SelectableButton.swift in Sources */,
				22889EFD2820CA96002A9C4F /* PreviewController.swift in Sources */,
				22EE65EA2872DB8700AFAC77 /* CMTimeExt+.swift in Sources */,
				22EE6528286D419100AFAC77 /* Debugging History.swift in Sources */,
				2265AC4E2817F42300E0FCCF /* CameraController.swift in Sources */,
				22244D69286561E300B3D03C /* InspectorTableCell.swift in Sources */,
				227DA6C22828F5C20097F8F1 /* APIManager.swift in Sources */,
				228B88372806577A007A6842 /* AppDelegate.swift in Sources */,
				22315E3F282E38D40093079B /* TrialCore+Helper.swift in Sources */,
				2280DCD6283253F80036632E /* TrialCell.swift in Sources */,
				2283BEC7281FDFB6007D74FC /* ScoreController.swift in Sources */,
				22F65EA228484AB900646FCD /* ImgBtnView.swift in Sources */,
				22F65E672840C72500646FCD /* TrimmerController.swift in Sources */,
				22EE65EC2873E1C500AFAC77 /* CustomAlbum.swift in Sources */,
				227DA6C42829103D0097F8F1 /* SoundTestViewController.swift in Sources */,
				22244D6B286562F700B3D03C /* InspectorViewModel.swift in Sources */,
				2280DCD8283254100036632E /* TrialViewModel.swift in Sources */,
				22795061282B880800B675A1 /* SubjectCollectionCell.swift in Sources */,
				E54927E7283B87D30049D00A /* ScreenTableCell.swift in Sources */,
				22315E3D282E1FCB0093079B /* ScreenViewModel.swift in Sources */,
				22F65EBE284EDF0F00646FCD /* ScoreBtnView.swift in Sources */,
				22244D2128596BDE00B3D03C /* TestViewController.swift in Sources */,
				22F65DFE283F75A100646FCD /* TrimmingController.swift in Sources */,
				228B88392806577A007A6842 /* SceneDelegate.swift in Sources */,
				22F65EBC284EDDC600646FCD /* RemovableCell.swift in Sources */,
			);
			runOnlyForDeploymentPostprocessing = 0;
		};
/* End PBXSourcesBuildPhase section */

/* Begin PBXVariantGroup section */
		228B884128065784007A6842 /* LaunchScreen.storyboard */ = {
			isa = PBXVariantGroup;
			children = (
				228B884228065784007A6842 /* Base */,
			);
			name = LaunchScreen.storyboard;
			sourceTree = "<group>";
		};
/* End PBXVariantGroup section */

/* Begin XCBuildConfiguration section */
		228B884528065784007A6842 /* Debug */ = {
			isa = XCBuildConfiguration;
			buildSettings = {
				ALWAYS_SEARCH_USER_PATHS = NO;
				CLANG_ANALYZER_NONNULL = YES;
				CLANG_ANALYZER_NUMBER_OBJECT_CONVERSION = YES_AGGRESSIVE;
				CLANG_CXX_LANGUAGE_STANDARD = "gnu++17";
				CLANG_ENABLE_MODULES = YES;
				CLANG_ENABLE_OBJC_ARC = YES;
				CLANG_ENABLE_OBJC_WEAK = YES;
				CLANG_WARN_BLOCK_CAPTURE_AUTORELEASING = YES;
				CLANG_WARN_BOOL_CONVERSION = YES;
				CLANG_WARN_COMMA = YES;
				CLANG_WARN_CONSTANT_CONVERSION = YES;
				CLANG_WARN_DEPRECATED_OBJC_IMPLEMENTATIONS = YES;
				CLANG_WARN_DIRECT_OBJC_ISA_USAGE = YES_ERROR;
				CLANG_WARN_DOCUMENTATION_COMMENTS = YES;
				CLANG_WARN_EMPTY_BODY = YES;
				CLANG_WARN_ENUM_CONVERSION = YES;
				CLANG_WARN_INFINITE_RECURSION = YES;
				CLANG_WARN_INT_CONVERSION = YES;
				CLANG_WARN_NON_LITERAL_NULL_CONVERSION = YES;
				CLANG_WARN_OBJC_IMPLICIT_RETAIN_SELF = YES;
				CLANG_WARN_OBJC_LITERAL_CONVERSION = YES;
				CLANG_WARN_OBJC_ROOT_CLASS = YES_ERROR;
				CLANG_WARN_QUOTED_INCLUDE_IN_FRAMEWORK_HEADER = YES;
				CLANG_WARN_RANGE_LOOP_ANALYSIS = YES;
				CLANG_WARN_STRICT_PROTOTYPES = YES;
				CLANG_WARN_SUSPICIOUS_MOVE = YES;
				CLANG_WARN_UNGUARDED_AVAILABILITY = YES_AGGRESSIVE;
				CLANG_WARN_UNREACHABLE_CODE = YES;
				CLANG_WARN__DUPLICATE_METHOD_MATCH = YES;
				COPY_PHASE_STRIP = NO;
				DEBUG_INFORMATION_FORMAT = dwarf;
				ENABLE_STRICT_OBJC_MSGSEND = YES;
				ENABLE_TESTABILITY = YES;
				GCC_C_LANGUAGE_STANDARD = gnu11;
				GCC_DYNAMIC_NO_PIC = NO;
				GCC_NO_COMMON_BLOCKS = YES;
				GCC_OPTIMIZATION_LEVEL = 0;
				GCC_PREPROCESSOR_DEFINITIONS = (
					"DEBUG=1",
					"$(inherited)",
				);
				GCC_WARN_64_TO_32_BIT_CONVERSION = YES;
				GCC_WARN_ABOUT_RETURN_TYPE = YES_ERROR;
				GCC_WARN_UNDECLARED_SELECTOR = YES;
				GCC_WARN_UNINITIALIZED_AUTOS = YES_AGGRESSIVE;
				GCC_WARN_UNUSED_FUNCTION = YES;
				GCC_WARN_UNUSED_VARIABLE = YES;
				IPHONEOS_DEPLOYMENT_TARGET = 15.4;
				MTL_ENABLE_DEBUG_INFO = INCLUDE_SOURCE;
				MTL_FAST_MATH = YES;
				ONLY_ACTIVE_ARCH = YES;
				SDKROOT = iphoneos;
				SWIFT_ACTIVE_COMPILATION_CONDITIONS = DEBUG;
				SWIFT_OPTIMIZATION_LEVEL = "-Onone";
			};
			name = Debug;
		};
		228B884628065784007A6842 /* Release */ = {
			isa = XCBuildConfiguration;
			buildSettings = {
				ALWAYS_SEARCH_USER_PATHS = NO;
				CLANG_ANALYZER_NONNULL = YES;
				CLANG_ANALYZER_NUMBER_OBJECT_CONVERSION = YES_AGGRESSIVE;
				CLANG_CXX_LANGUAGE_STANDARD = "gnu++17";
				CLANG_ENABLE_MODULES = YES;
				CLANG_ENABLE_OBJC_ARC = YES;
				CLANG_ENABLE_OBJC_WEAK = YES;
				CLANG_WARN_BLOCK_CAPTURE_AUTORELEASING = YES;
				CLANG_WARN_BOOL_CONVERSION = YES;
				CLANG_WARN_COMMA = YES;
				CLANG_WARN_CONSTANT_CONVERSION = YES;
				CLANG_WARN_DEPRECATED_OBJC_IMPLEMENTATIONS = YES;
				CLANG_WARN_DIRECT_OBJC_ISA_USAGE = YES_ERROR;
				CLANG_WARN_DOCUMENTATION_COMMENTS = YES;
				CLANG_WARN_EMPTY_BODY = YES;
				CLANG_WARN_ENUM_CONVERSION = YES;
				CLANG_WARN_INFINITE_RECURSION = YES;
				CLANG_WARN_INT_CONVERSION = YES;
				CLANG_WARN_NON_LITERAL_NULL_CONVERSION = YES;
				CLANG_WARN_OBJC_IMPLICIT_RETAIN_SELF = YES;
				CLANG_WARN_OBJC_LITERAL_CONVERSION = YES;
				CLANG_WARN_OBJC_ROOT_CLASS = YES_ERROR;
				CLANG_WARN_QUOTED_INCLUDE_IN_FRAMEWORK_HEADER = YES;
				CLANG_WARN_RANGE_LOOP_ANALYSIS = YES;
				CLANG_WARN_STRICT_PROTOTYPES = YES;
				CLANG_WARN_SUSPICIOUS_MOVE = YES;
				CLANG_WARN_UNGUARDED_AVAILABILITY = YES_AGGRESSIVE;
				CLANG_WARN_UNREACHABLE_CODE = YES;
				CLANG_WARN__DUPLICATE_METHOD_MATCH = YES;
				COPY_PHASE_STRIP = NO;
				DEBUG_INFORMATION_FORMAT = "dwarf-with-dsym";
				ENABLE_NS_ASSERTIONS = NO;
				ENABLE_STRICT_OBJC_MSGSEND = YES;
				GCC_C_LANGUAGE_STANDARD = gnu11;
				GCC_NO_COMMON_BLOCKS = YES;
				GCC_WARN_64_TO_32_BIT_CONVERSION = YES;
				GCC_WARN_ABOUT_RETURN_TYPE = YES_ERROR;
				GCC_WARN_UNDECLARED_SELECTOR = YES;
				GCC_WARN_UNINITIALIZED_AUTOS = YES_AGGRESSIVE;
				GCC_WARN_UNUSED_FUNCTION = YES;
				GCC_WARN_UNUSED_VARIABLE = YES;
				IPHONEOS_DEPLOYMENT_TARGET = 15.4;
				MTL_ENABLE_DEBUG_INFO = NO;
				MTL_FAST_MATH = YES;
				SDKROOT = iphoneos;
				SWIFT_COMPILATION_MODE = wholemodule;
				SWIFT_OPTIMIZATION_LEVEL = "-O";
				VALIDATE_PRODUCT = YES;
			};
			name = Release;
		};
		228B884828065784007A6842 /* Debug */ = {
			isa = XCBuildConfiguration;
			baseConfigurationReference = AA8C32117F417B1A5C42D8EC /* Pods-MultiPeer.debug.xcconfig */;
			buildSettings = {
				ASSETCATALOG_COMPILER_APPICON_NAME = AppIcon;
				ASSETCATALOG_COMPILER_GLOBAL_ACCENT_COLOR_NAME = AccentColor;
				CODE_SIGN_STYLE = Automatic;
				CURRENT_PROJECT_VERSION = 1;
				DEVELOPMENT_TEAM = F23GD77ZRK;
				GENERATE_INFOPLIST_FILE = YES;
				INFOPLIST_FILE = MultiPeer/Info.plist;
				INFOPLIST_KEY_NSCameraUsageDescription = "please allow access to camera to take videos";
				INFOPLIST_KEY_NSLocalNetworkUsageDescription = "Please allow access to connect devices";
				INFOPLIST_KEY_NSMicrophoneUsageDescription = "please allow access to camera to take videos";
				INFOPLIST_KEY_NSPhotoLibraryAddUsageDescription = "please allow access to save videos";
				INFOPLIST_KEY_UIApplicationSupportsIndirectInputEvents = YES;
				INFOPLIST_KEY_UILaunchStoryboardName = LaunchScreen;
				INFOPLIST_KEY_UISupportedInterfaceOrientations = UIInterfaceOrientationPortrait;
				INFOPLIST_KEY_UISupportedInterfaceOrientations_iPad = "UIInterfaceOrientationPortrait UIInterfaceOrientationPortraitUpsideDown UIInterfaceOrientationLandscapeLeft UIInterfaceOrientationLandscapeRight";
				INFOPLIST_KEY_UISupportedInterfaceOrientations_iPhone = "UIInterfaceOrientationPortrait UIInterfaceOrientationLandscapeLeft UIInterfaceOrientationLandscapeRight";
				IPHONEOS_DEPLOYMENT_TARGET = 14.0;
				LD_RUNPATH_SEARCH_PATHS = (
					"$(inherited)",
					"@executable_path/Frameworks",
				);
				MARKETING_VERSION = 1.0;
				PRODUCT_BUNDLE_IDENTIFIER = hanmok.MultiPeer;
				PRODUCT_NAME = "$(TARGET_NAME)";
				SWIFT_EMIT_LOC_STRINGS = YES;
				SWIFT_VERSION = 5.0;
				TARGETED_DEVICE_FAMILY = "1,2";
			};
			name = Debug;
		};
		228B884928065784007A6842 /* Release */ = {
			isa = XCBuildConfiguration;
			baseConfigurationReference = B72406CCD7171172A8776BA5 /* Pods-MultiPeer.release.xcconfig */;
			buildSettings = {
				ASSETCATALOG_COMPILER_APPICON_NAME = AppIcon;
				ASSETCATALOG_COMPILER_GLOBAL_ACCENT_COLOR_NAME = AccentColor;
				CODE_SIGN_STYLE = Automatic;
				CURRENT_PROJECT_VERSION = 1;
				DEVELOPMENT_TEAM = F23GD77ZRK;
				GENERATE_INFOPLIST_FILE = YES;
				INFOPLIST_FILE = MultiPeer/Info.plist;
				INFOPLIST_KEY_NSCameraUsageDescription = "please allow access to camera to take videos";
				INFOPLIST_KEY_NSLocalNetworkUsageDescription = "Please allow access to connect devices";
				INFOPLIST_KEY_NSMicrophoneUsageDescription = "please allow access to camera to take videos";
				INFOPLIST_KEY_NSPhotoLibraryAddUsageDescription = "please allow access to save videos";
				INFOPLIST_KEY_UIApplicationSupportsIndirectInputEvents = YES;
				INFOPLIST_KEY_UILaunchStoryboardName = LaunchScreen;
				INFOPLIST_KEY_UISupportedInterfaceOrientations = UIInterfaceOrientationPortrait;
				INFOPLIST_KEY_UISupportedInterfaceOrientations_iPad = "UIInterfaceOrientationPortrait UIInterfaceOrientationPortraitUpsideDown UIInterfaceOrientationLandscapeLeft UIInterfaceOrientationLandscapeRight";
				INFOPLIST_KEY_UISupportedInterfaceOrientations_iPhone = "UIInterfaceOrientationPortrait UIInterfaceOrientationLandscapeLeft UIInterfaceOrientationLandscapeRight";
				IPHONEOS_DEPLOYMENT_TARGET = 14.0;
				LD_RUNPATH_SEARCH_PATHS = (
					"$(inherited)",
					"@executable_path/Frameworks",
				);
				MARKETING_VERSION = 1.0;
				PRODUCT_BUNDLE_IDENTIFIER = hanmok.MultiPeer;
				PRODUCT_NAME = "$(TARGET_NAME)";
				SWIFT_EMIT_LOC_STRINGS = YES;
				SWIFT_VERSION = 5.0;
				TARGETED_DEVICE_FAMILY = "1,2";
			};
			name = Release;
		};
/* End XCBuildConfiguration section */

/* Begin XCConfigurationList section */
		228B882E2806577A007A6842 /* Build configuration list for PBXProject "MultiPeer" */ = {
			isa = XCConfigurationList;
			buildConfigurations = (
				228B884528065784007A6842 /* Debug */,
				228B884628065784007A6842 /* Release */,
			);
			defaultConfigurationIsVisible = 0;
			defaultConfigurationName = Release;
		};
		228B884728065784007A6842 /* Build configuration list for PBXNativeTarget "MultiPeer" */ = {
			isa = XCConfigurationList;
			buildConfigurations = (
				228B884828065784007A6842 /* Debug */,
				228B884928065784007A6842 /* Release */,
			);
			defaultConfigurationIsVisible = 0;
			defaultConfigurationName = Release;
		};
/* End XCConfigurationList section */

/* Begin XCVersionGroup section */
		22795079282BA58600B675A1 /* Model.xcdatamodeld */ = {
			isa = XCVersionGroup;
			children = (
				2279507A282BA58600B675A1 /* Model.xcdatamodel */,
			);
			currentVersion = 2279507A282BA58600B675A1 /* Model.xcdatamodel */;
			path = Model.xcdatamodeld;
			sourceTree = "<group>";
			versionGroupType = wrapper.xcdatamodel;
		};
/* End XCVersionGroup section */
	};
	rootObject = 228B882B2806577A007A6842 /* Project object */;
}
