// !$*UTF8*$!
{
	archiveVersion = 1;
	classes = {
	};
	objectVersion = 55;
	objects = {

/* Begin PBXBuildFile section */
		2278625D2807EB5B00C9EB79 /* ChatManagerFromRay.swift in Sources */ = {isa = PBXBuildFile; fileRef = 2278625C2807EB5B00C9EB79 /* ChatManagerFromRay.swift */; };
		2278625F2807EB8300C9EB79 /* ConnectionManager.swift in Sources */ = {isa = PBXBuildFile; fileRef = 2278625E2807EB8300C9EB79 /* ConnectionManager.swift */; };
		227862612807FD5200C9EB79 /* CameraVC.swift in Sources */ = {isa = PBXBuildFile; fileRef = 227862602807FD5100C9EB79 /* CameraVC.swift */; };
		227862632808024900C9EB79 /* VideoHelper.swift in Sources */ = {isa = PBXBuildFile; fileRef = 227862622808024900C9EB79 /* VideoHelper.swift */; };
		228B88372806577A007A6842 /* AppDelegate.swift in Sources */ = {isa = PBXBuildFile; fileRef = 228B88362806577A007A6842 /* AppDelegate.swift */; };
		228B88392806577A007A6842 /* SceneDelegate.swift in Sources */ = {isa = PBXBuildFile; fileRef = 228B88382806577A007A6842 /* SceneDelegate.swift */; };
		228B883B2806577A007A6842 /* ViewController.swift in Sources */ = {isa = PBXBuildFile; fileRef = 228B883A2806577A007A6842 /* ViewController.swift */; };
		228B883E2806577B007A6842 /* Main.storyboard in Resources */ = {isa = PBXBuildFile; fileRef = 228B883C2806577B007A6842 /* Main.storyboard */; };
		228B884028065784007A6842 /* Assets.xcassets in Resources */ = {isa = PBXBuildFile; fileRef = 228B883F28065784007A6842 /* Assets.xcassets */; };
		228B884328065784007A6842 /* LaunchScreen.storyboard in Resources */ = {isa = PBXBuildFile; fileRef = 228B884128065784007A6842 /* LaunchScreen.storyboard */; };
		22ACAF5528094ACF007277A7 /* DateExt+.swift in Sources */ = {isa = PBXBuildFile; fileRef = 22ACAF5428094ACF007277A7 /* DateExt+.swift */; };
		3A73CB3F92B01C92EA9C388B /* Pods_MultiPeer.framework in Frameworks */ = {isa = PBXBuildFile; fileRef = 43DB5FCC617ADEAE491966E2 /* Pods_MultiPeer.framework */; };
/* End PBXBuildFile section */

/* Begin PBXFileReference section */
		2278625C2807EB5B00C9EB79 /* ChatManagerFromRay.swift */ = {isa = PBXFileReference; lastKnownFileType = sourcecode.swift; path = ChatManagerFromRay.swift; sourceTree = "<group>"; };
		2278625E2807EB8300C9EB79 /* ConnectionManager.swift */ = {isa = PBXFileReference; lastKnownFileType = sourcecode.swift; path = ConnectionManager.swift; sourceTree = "<group>"; };
		227862602807FD5100C9EB79 /* CameraVC.swift */ = {isa = PBXFileReference; lastKnownFileType = sourcecode.swift; path = CameraVC.swift; sourceTree = "<group>"; };
		227862622808024900C9EB79 /* VideoHelper.swift */ = {isa = PBXFileReference; lastKnownFileType = sourcecode.swift; path = VideoHelper.swift; sourceTree = "<group>"; };
		228B88332806577A007A6842 /* MultiPeer.app */ = {isa = PBXFileReference; explicitFileType = wrapper.application; includeInIndex = 0; path = MultiPeer.app; sourceTree = BUILT_PRODUCTS_DIR; };
		228B88362806577A007A6842 /* AppDelegate.swift */ = {isa = PBXFileReference; lastKnownFileType = sourcecode.swift; path = AppDelegate.swift; sourceTree = "<group>"; };
		228B88382806577A007A6842 /* SceneDelegate.swift */ = {isa = PBXFileReference; lastKnownFileType = sourcecode.swift; path = SceneDelegate.swift; sourceTree = "<group>"; };
		228B883A2806577A007A6842 /* ViewController.swift */ = {isa = PBXFileReference; lastKnownFileType = sourcecode.swift; path = ViewController.swift; sourceTree = "<group>"; };
		228B883D2806577B007A6842 /* Base */ = {isa = PBXFileReference; lastKnownFileType = file.storyboard; name = Base; path = Base.lproj/Main.storyboard; sourceTree = "<group>"; };
		228B883F28065784007A6842 /* Assets.xcassets */ = {isa = PBXFileReference; lastKnownFileType = folder.assetcatalog; path = Assets.xcassets; sourceTree = "<group>"; };
		228B884228065784007A6842 /* Base */ = {isa = PBXFileReference; lastKnownFileType = file.storyboard; name = Base; path = Base.lproj/LaunchScreen.storyboard; sourceTree = "<group>"; };
		228B884428065784007A6842 /* Info.plist */ = {isa = PBXFileReference; lastKnownFileType = text.plist.xml; path = Info.plist; sourceTree = "<group>"; };
		22ACAF5428094ACF007277A7 /* DateExt+.swift */ = {isa = PBXFileReference; lastKnownFileType = sourcecode.swift; path = "DateExt+.swift"; sourceTree = "<group>"; };
		43DB5FCC617ADEAE491966E2 /* Pods_MultiPeer.framework */ = {isa = PBXFileReference; explicitFileType = wrapper.framework; includeInIndex = 0; path = Pods_MultiPeer.framework; sourceTree = BUILT_PRODUCTS_DIR; };
		AA8C32117F417B1A5C42D8EC /* Pods-MultiPeer.debug.xcconfig */ = {isa = PBXFileReference; includeInIndex = 1; lastKnownFileType = text.xcconfig; name = "Pods-MultiPeer.debug.xcconfig"; path = "Target Support Files/Pods-MultiPeer/Pods-MultiPeer.debug.xcconfig"; sourceTree = "<group>"; };
		B72406CCD7171172A8776BA5 /* Pods-MultiPeer.release.xcconfig */ = {isa = PBXFileReference; includeInIndex = 1; lastKnownFileType = text.xcconfig; name = "Pods-MultiPeer.release.xcconfig"; path = "Target Support Files/Pods-MultiPeer/Pods-MultiPeer.release.xcconfig"; sourceTree = "<group>"; };
/* End PBXFileReference section */

/* Begin PBXFrameworksBuildPhase section */
		228B88302806577A007A6842 /* Frameworks */ = {
			isa = PBXFrameworksBuildPhase;
			buildActionMask = 2147483647;
			files = (
				3A73CB3F92B01C92EA9C388B /* Pods_MultiPeer.framework in Frameworks */,
			);
			runOnlyForDeploymentPostprocessing = 0;
		};
/* End PBXFrameworksBuildPhase section */

/* Begin PBXGroup section */
		228B882A2806577A007A6842 = {
			isa = PBXGroup;
			children = (
				228B88352806577A007A6842 /* MultiPeer */,
				228B88342806577A007A6842 /* Products */,
				6C823DBE391EE5CB5A4C0AA5 /* Pods */,
				6F98C3DBED4EA4948B2B95DE /* Frameworks */,
			);
			sourceTree = "<group>";
		};
		228B88342806577A007A6842 /* Products */ = {
			isa = PBXGroup;
			children = (
				228B88332806577A007A6842 /* MultiPeer.app */,
			);
			name = Products;
			sourceTree = "<group>";
		};
		228B88352806577A007A6842 /* MultiPeer */ = {
			isa = PBXGroup;
			children = (
				228B88362806577A007A6842 /* AppDelegate.swift */,
				228B88382806577A007A6842 /* SceneDelegate.swift */,
				228B883A2806577A007A6842 /* ViewController.swift */,
				227862622808024900C9EB79 /* VideoHelper.swift */,
				2278625C2807EB5B00C9EB79 /* ChatManagerFromRay.swift */,
				227862602807FD5100C9EB79 /* CameraVC.swift */,
				2278625E2807EB8300C9EB79 /* ConnectionManager.swift */,
				228B883C2806577B007A6842 /* Main.storyboard */,
				22ACAF5428094ACF007277A7 /* DateExt+.swift */,
				228B883F28065784007A6842 /* Assets.xcassets */,
				228B884128065784007A6842 /* LaunchScreen.storyboard */,
				228B884428065784007A6842 /* Info.plist */,
			);
			path = MultiPeer;
			sourceTree = "<group>";
		};
		6C823DBE391EE5CB5A4C0AA5 /* Pods */ = {
			isa = PBXGroup;
			children = (
				AA8C32117F417B1A5C42D8EC /* Pods-MultiPeer.debug.xcconfig */,
				B72406CCD7171172A8776BA5 /* Pods-MultiPeer.release.xcconfig */,
			);
			path = Pods;
			sourceTree = "<group>";
		};
		6F98C3DBED4EA4948B2B95DE /* Frameworks */ = {
			isa = PBXGroup;
			children = (
				43DB5FCC617ADEAE491966E2 /* Pods_MultiPeer.framework */,
			);
			name = Frameworks;
			sourceTree = "<group>";
		};
/* End PBXGroup section */

/* Begin PBXNativeTarget section */
		228B88322806577A007A6842 /* MultiPeer */ = {
			isa = PBXNativeTarget;
			buildConfigurationList = 228B884728065784007A6842 /* Build configuration list for PBXNativeTarget "MultiPeer" */;
			buildPhases = (
				2A4290338D15EEDEE4B485D7 /* [CP] Check Pods Manifest.lock */,
				228B882F2806577A007A6842 /* Sources */,
				228B88302806577A007A6842 /* Frameworks */,
				228B88312806577A007A6842 /* Resources */,
				81B0AD825B70B0374278A026 /* [CP] Embed Pods Frameworks */,
			);
			buildRules = (
			);
			dependencies = (
			);
			name = MultiPeer;
			productName = MultiPeer;
			productReference = 228B88332806577A007A6842 /* MultiPeer.app */;
			productType = "com.apple.product-type.application";
		};
/* End PBXNativeTarget section */

/* Begin PBXProject section */
		228B882B2806577A007A6842 /* Project object */ = {
			isa = PBXProject;
			attributes = {
				BuildIndependentTargetsInParallel = 1;
				LastSwiftUpdateCheck = 1330;
				LastUpgradeCheck = 1330;
				TargetAttributes = {
					228B88322806577A007A6842 = {
						CreatedOnToolsVersion = 13.3;
					};
				};
			};
			buildConfigurationList = 228B882E2806577A007A6842 /* Build configuration list for PBXProject "MultiPeer" */;
			compatibilityVersion = "Xcode 13.0";
			developmentRegion = en;
			hasScannedForEncodings = 0;
			knownRegions = (
				en,
				Base,
			);
			mainGroup = 228B882A2806577A007A6842;
			productRefGroup = 228B88342806577A007A6842 /* Products */;
			projectDirPath = "";
			projectRoot = "";
			targets = (
				228B88322806577A007A6842 /* MultiPeer */,
			);
		};
/* End PBXProject section */

/* Begin PBXResourcesBuildPhase section */
		228B88312806577A007A6842 /* Resources */ = {
			isa = PBXResourcesBuildPhase;
			buildActionMask = 2147483647;
			files = (
				228B884328065784007A6842 /* LaunchScreen.storyboard in Resources */,
				228B884028065784007A6842 /* Assets.xcassets in Resources */,
				228B883E2806577B007A6842 /* Main.storyboard in Resources */,
			);
			runOnlyForDeploymentPostprocessing = 0;
		};
/* End PBXResourcesBuildPhase section */

/* Begin PBXShellScriptBuildPhase section */
		2A4290338D15EEDEE4B485D7 /* [CP] Check Pods Manifest.lock */ = {
			isa = PBXShellScriptBuildPhase;
			buildActionMask = 2147483647;
			files = (
			);
			inputFileListPaths = (
			);
			inputPaths = (
				"${PODS_PODFILE_DIR_PATH}/Podfile.lock",
				"${PODS_ROOT}/Manifest.lock",
			);
			name = "[CP] Check Pods Manifest.lock";
			outputFileListPaths = (
			);
			outputPaths = (
				"$(DERIVED_FILE_DIR)/Pods-MultiPeer-checkManifestLockResult.txt",
			);
			runOnlyForDeploymentPostprocessing = 0;
			shellPath = /bin/sh;
			shellScript = "diff \"${PODS_PODFILE_DIR_PATH}/Podfile.lock\" \"${PODS_ROOT}/Manifest.lock\" > /dev/null\nif [ $? != 0 ] ; then\n    # print error to STDERR\n    echo \"error: The sandbox is not in sync with the Podfile.lock. Run 'pod install' or update your CocoaPods installation.\" >&2\n    exit 1\nfi\n# This output is used by Xcode 'outputs' to avoid re-running this script phase.\necho \"SUCCESS\" > \"${SCRIPT_OUTPUT_FILE_0}\"\n";
			showEnvVarsInLog = 0;
		};
		81B0AD825B70B0374278A026 /* [CP] Embed Pods Frameworks */ = {
			isa = PBXShellScriptBuildPhase;
			buildActionMask = 2147483647;
			files = (
			);
			inputFileListPaths = (
				"${PODS_ROOT}/Target Support Files/Pods-MultiPeer/Pods-MultiPeer-frameworks-${CONFIGURATION}-input-files.xcfilelist",
			);
			name = "[CP] Embed Pods Frameworks";
			outputFileListPaths = (
				"${PODS_ROOT}/Target Support Files/Pods-MultiPeer/Pods-MultiPeer-frameworks-${CONFIGURATION}-output-files.xcfilelist",
			);
			runOnlyForDeploymentPostprocessing = 0;
			shellPath = /bin/sh;
			shellScript = "\"${PODS_ROOT}/Target Support Files/Pods-MultiPeer/Pods-MultiPeer-frameworks.sh\"\n";
			showEnvVarsInLog = 0;
		};
/* End PBXShellScriptBuildPhase section */

/* Begin PBXSourcesBuildPhase section */
		228B882F2806577A007A6842 /* Sources */ = {
			isa = PBXSourcesBuildPhase;
			buildActionMask = 2147483647;
			files = (
				2278625F2807EB8300C9EB79 /* ConnectionManager.swift in Sources */,
				227862612807FD5200C9EB79 /* CameraVC.swift in Sources */,
				227862632808024900C9EB79 /* VideoHelper.swift in Sources */,
				22ACAF5528094ACF007277A7 /* DateExt+.swift in Sources */,
				228B883B2806577A007A6842 /* ViewController.swift in Sources */,
				228B88372806577A007A6842 /* AppDelegate.swift in Sources */,
				2278625D2807EB5B00C9EB79 /* ChatManagerFromRay.swift in Sources */,
				228B88392806577A007A6842 /* SceneDelegate.swift in Sources */,
			);
			runOnlyForDeploymentPostprocessing = 0;
		};
/* End PBXSourcesBuildPhase section */

/* Begin PBXVariantGroup section */
		228B883C2806577B007A6842 /* Main.storyboard */ = {
			isa = PBXVariantGroup;
			children = (
				228B883D2806577B007A6842 /* Base */,
			);
			name = Main.storyboard;
			sourceTree = "<group>";
		};
		228B884128065784007A6842 /* LaunchScreen.storyboard */ = {
			isa = PBXVariantGroup;
			children = (
				228B884228065784007A6842 /* Base */,
			);
			name = LaunchScreen.storyboard;
			sourceTree = "<group>";
		};
/* End PBXVariantGroup section */

/* Begin XCBuildConfiguration section */
		228B884528065784007A6842 /* Debug */ = {
			isa = XCBuildConfiguration;
			buildSettings = {
				ALWAYS_SEARCH_USER_PATHS = NO;
				CLANG_ANALYZER_NONNULL = YES;
				CLANG_ANALYZER_NUMBER_OBJECT_CONVERSION = YES_AGGRESSIVE;
				CLANG_CXX_LANGUAGE_STANDARD = "gnu++17";
				CLANG_ENABLE_MODULES = YES;
				CLANG_ENABLE_OBJC_ARC = YES;
				CLANG_ENABLE_OBJC_WEAK = YES;
				CLANG_WARN_BLOCK_CAPTURE_AUTORELEASING = YES;
				CLANG_WARN_BOOL_CONVERSION = YES;
				CLANG_WARN_COMMA = YES;
				CLANG_WARN_CONSTANT_CONVERSION = YES;
				CLANG_WARN_DEPRECATED_OBJC_IMPLEMENTATIONS = YES;
				CLANG_WARN_DIRECT_OBJC_ISA_USAGE = YES_ERROR;
				CLANG_WARN_DOCUMENTATION_COMMENTS = YES;
				CLANG_WARN_EMPTY_BODY = YES;
				CLANG_WARN_ENUM_CONVERSION = YES;
				CLANG_WARN_INFINITE_RECURSION = YES;
				CLANG_WARN_INT_CONVERSION = YES;
				CLANG_WARN_NON_LITERAL_NULL_CONVERSION = YES;
				CLANG_WARN_OBJC_IMPLICIT_RETAIN_SELF = YES;
				CLANG_WARN_OBJC_LITERAL_CONVERSION = YES;
				CLANG_WARN_OBJC_ROOT_CLASS = YES_ERROR;
				CLANG_WARN_QUOTED_INCLUDE_IN_FRAMEWORK_HEADER = YES;
				CLANG_WARN_RANGE_LOOP_ANALYSIS = YES;
				CLANG_WARN_STRICT_PROTOTYPES = YES;
				CLANG_WARN_SUSPICIOUS_MOVE = YES;
				CLANG_WARN_UNGUARDED_AVAILABILITY = YES_AGGRESSIVE;
				CLANG_WARN_UNREACHABLE_CODE = YES;
				CLANG_WARN__DUPLICATE_METHOD_MATCH = YES;
				COPY_PHASE_STRIP = NO;
				DEBUG_INFORMATION_FORMAT = dwarf;
				ENABLE_STRICT_OBJC_MSGSEND = YES;
				ENABLE_TESTABILITY = YES;
				GCC_C_LANGUAGE_STANDARD = gnu11;
				GCC_DYNAMIC_NO_PIC = NO;
				GCC_NO_COMMON_BLOCKS = YES;
				GCC_OPTIMIZATION_LEVEL = 0;
				GCC_PREPROCESSOR_DEFINITIONS = (
					"DEBUG=1",
					"$(inherited)",
				);
				GCC_WARN_64_TO_32_BIT_CONVERSION = YES;
				GCC_WARN_ABOUT_RETURN_TYPE = YES_ERROR;
				GCC_WARN_UNDECLARED_SELECTOR = YES;
				GCC_WARN_UNINITIALIZED_AUTOS = YES_AGGRESSIVE;
				GCC_WARN_UNUSED_FUNCTION = YES;
				GCC_WARN_UNUSED_VARIABLE = YES;
				IPHONEOS_DEPLOYMENT_TARGET = 15.4;
				MTL_ENABLE_DEBUG_INFO = INCLUDE_SOURCE;
				MTL_FAST_MATH = YES;
				ONLY_ACTIVE_ARCH = YES;
				SDKROOT = iphoneos;
				SWIFT_ACTIVE_COMPILATION_CONDITIONS = DEBUG;
				SWIFT_OPTIMIZATION_LEVEL = "-Onone";
			};
			name = Debug;
		};
		228B884628065784007A6842 /* Release */ = {
			isa = XCBuildConfiguration;
			buildSettings = {
				ALWAYS_SEARCH_USER_PATHS = NO;
				CLANG_ANALYZER_NONNULL = YES;
				CLANG_ANALYZER_NUMBER_OBJECT_CONVERSION = YES_AGGRESSIVE;
				CLANG_CXX_LANGUAGE_STANDARD = "gnu++17";
				CLANG_ENABLE_MODULES = YES;
				CLANG_ENABLE_OBJC_ARC = YES;
				CLANG_ENABLE_OBJC_WEAK = YES;
				CLANG_WARN_BLOCK_CAPTURE_AUTORELEASING = YES;
				CLANG_WARN_BOOL_CONVERSION = YES;
				CLANG_WARN_COMMA = YES;
				CLANG_WARN_CONSTANT_CONVERSION = YES;
				CLANG_WARN_DEPRECATED_OBJC_IMPLEMENTATIONS = YES;
				CLANG_WARN_DIRECT_OBJC_ISA_USAGE = YES_ERROR;
				CLANG_WARN_DOCUMENTATION_COMMENTS = YES;
				CLANG_WARN_EMPTY_BODY = YES;
				CLANG_WARN_ENUM_CONVERSION = YES;
				CLANG_WARN_INFINITE_RECURSION = YES;
				CLANG_WARN_INT_CONVERSION = YES;
				CLANG_WARN_NON_LITERAL_NULL_CONVERSION = YES;
				CLANG_WARN_OBJC_IMPLICIT_RETAIN_SELF = YES;
				CLANG_WARN_OBJC_LITERAL_CONVERSION = YES;
				CLANG_WARN_OBJC_ROOT_CLASS = YES_ERROR;
				CLANG_WARN_QUOTED_INCLUDE_IN_FRAMEWORK_HEADER = YES;
				CLANG_WARN_RANGE_LOOP_ANALYSIS = YES;
				CLANG_WARN_STRICT_PROTOTYPES = YES;
				CLANG_WARN_SUSPICIOUS_MOVE = YES;
				CLANG_WARN_UNGUARDED_AVAILABILITY = YES_AGGRESSIVE;
				CLANG_WARN_UNREACHABLE_CODE = YES;
				CLANG_WARN__DUPLICATE_METHOD_MATCH = YES;
				COPY_PHASE_STRIP = NO;
				DEBUG_INFORMATION_FORMAT = "dwarf-with-dsym";
				ENABLE_NS_ASSERTIONS = NO;
				ENABLE_STRICT_OBJC_MSGSEND = YES;
				GCC_C_LANGUAGE_STANDARD = gnu11;
				GCC_NO_COMMON_BLOCKS = YES;
				GCC_WARN_64_TO_32_BIT_CONVERSION = YES;
				GCC_WARN_ABOUT_RETURN_TYPE = YES_ERROR;
				GCC_WARN_UNDECLARED_SELECTOR = YES;
				GCC_WARN_UNINITIALIZED_AUTOS = YES_AGGRESSIVE;
				GCC_WARN_UNUSED_FUNCTION = YES;
				GCC_WARN_UNUSED_VARIABLE = YES;
				IPHONEOS_DEPLOYMENT_TARGET = 15.4;
				MTL_ENABLE_DEBUG_INFO = NO;
				MTL_FAST_MATH = YES;
				SDKROOT = iphoneos;
				SWIFT_COMPILATION_MODE = wholemodule;
				SWIFT_OPTIMIZATION_LEVEL = "-O";
				VALIDATE_PRODUCT = YES;
			};
			name = Release;
		};
		228B884828065784007A6842 /* Debug */ = {
			isa = XCBuildConfiguration;
			baseConfigurationReference = AA8C32117F417B1A5C42D8EC /* Pods-MultiPeer.debug.xcconfig */;
			buildSettings = {
				ASSETCATALOG_COMPILER_APPICON_NAME = AppIcon;
				ASSETCATALOG_COMPILER_GLOBAL_ACCENT_COLOR_NAME = AccentColor;
				CODE_SIGN_STYLE = Automatic;
				CURRENT_PROJECT_VERSION = 1;
				DEVELOPMENT_TEAM = F23GD77ZRK;
				GENERATE_INFOPLIST_FILE = YES;
				INFOPLIST_FILE = MultiPeer/Info.plist;
				INFOPLIST_KEY_UIApplicationSupportsIndirectInputEvents = YES;
				INFOPLIST_KEY_UILaunchStoryboardName = LaunchScreen;
				INFOPLIST_KEY_UIMainStoryboardFile = Main;
				INFOPLIST_KEY_UISupportedInterfaceOrientations_iPad = "UIInterfaceOrientationPortrait UIInterfaceOrientationPortraitUpsideDown UIInterfaceOrientationLandscapeLeft UIInterfaceOrientationLandscapeRight";
				INFOPLIST_KEY_UISupportedInterfaceOrientations_iPhone = "UIInterfaceOrientationPortrait UIInterfaceOrientationLandscapeLeft UIInterfaceOrientationLandscapeRight";
				IPHONEOS_DEPLOYMENT_TARGET = 15.0;
				LD_RUNPATH_SEARCH_PATHS = (
					"$(inherited)",
					"@executable_path/Frameworks",
				);
				MARKETING_VERSION = 1.0;
				PRODUCT_BUNDLE_IDENTIFIER = hanmok.MultiPeer;
				PRODUCT_NAME = "$(TARGET_NAME)";
				SWIFT_EMIT_LOC_STRINGS = YES;
				SWIFT_VERSION = 5.0;
				TARGETED_DEVICE_FAMILY = "1,2";
			};
			name = Debug;
		};
		228B884928065784007A6842 /* Release */ = {
			isa = XCBuildConfiguration;
			baseConfigurationReference = B72406CCD7171172A8776BA5 /* Pods-MultiPeer.release.xcconfig */;
			buildSettings = {
				ASSETCATALOG_COMPILER_APPICON_NAME = AppIcon;
				ASSETCATALOG_COMPILER_GLOBAL_ACCENT_COLOR_NAME = AccentColor;
				CODE_SIGN_STYLE = Automatic;
				CURRENT_PROJECT_VERSION = 1;
				DEVELOPMENT_TEAM = F23GD77ZRK;
				GENERATE_INFOPLIST_FILE = YES;
				INFOPLIST_FILE = MultiPeer/Info.plist;
				INFOPLIST_KEY_UIApplicationSupportsIndirectInputEvents = YES;
				INFOPLIST_KEY_UILaunchStoryboardName = LaunchScreen;
				INFOPLIST_KEY_UIMainStoryboardFile = Main;
				INFOPLIST_KEY_UISupportedInterfaceOrientations_iPad = "UIInterfaceOrientationPortrait UIInterfaceOrientationPortraitUpsideDown UIInterfaceOrientationLandscapeLeft UIInterfaceOrientationLandscapeRight";
				INFOPLIST_KEY_UISupportedInterfaceOrientations_iPhone = "UIInterfaceOrientationPortrait UIInterfaceOrientationLandscapeLeft UIInterfaceOrientationLandscapeRight";
				IPHONEOS_DEPLOYMENT_TARGET = 15.0;
				LD_RUNPATH_SEARCH_PATHS = (
					"$(inherited)",
					"@executable_path/Frameworks",
				);
				MARKETING_VERSION = 1.0;
				PRODUCT_BUNDLE_IDENTIFIER = hanmok.MultiPeer;
				PRODUCT_NAME = "$(TARGET_NAME)";
				SWIFT_EMIT_LOC_STRINGS = YES;
				SWIFT_VERSION = 5.0;
				TARGETED_DEVICE_FAMILY = "1,2";
			};
			name = Release;
		};
/* End XCBuildConfiguration section */

/* Begin XCConfigurationList section */
		228B882E2806577A007A6842 /* Build configuration list for PBXProject "MultiPeer" */ = {
			isa = XCConfigurationList;
			buildConfigurations = (
				228B884528065784007A6842 /* Debug */,
				228B884628065784007A6842 /* Release */,
			);
			defaultConfigurationIsVisible = 0;
			defaultConfigurationName = Release;
		};
		228B884728065784007A6842 /* Build configuration list for PBXNativeTarget "MultiPeer" */ = {
			isa = XCConfigurationList;
			buildConfigurations = (
				228B884828065784007A6842 /* Debug */,
				228B884928065784007A6842 /* Release */,
			);
			defaultConfigurationIsVisible = 0;
			defaultConfigurationName = Release;
		};
/* End XCConfigurationList section */
	};
	rootObject = 228B882B2806577A007A6842 /* Project object */;
}
