// !$*UTF8*$!
{
	archiveVersion = 1;
	classes = {
	};
	objectVersion = 55;
	objects = {

/* Begin PBXBuildFile section */
		2265AC022816918700E0FCCF /* PositionController.swift in Sources */ = {isa = PBXBuildFile; fileRef = 2265AC012816918700E0FCCF /* PositionController.swift */; };
		2265AC0528169D6C00E0FCCF /* PositionBlockView.swift in Sources */ = {isa = PBXBuildFile; fileRef = 2265AC0428169D6C00E0FCCF /* PositionBlockView.swift */; };
		2265AC072816A11E00E0FCCF /* ScoreBtnView.swift in Sources */ = {isa = PBXBuildFile; fileRef = 2265AC062816A11E00E0FCCF /* ScoreBtnView.swift */; };
		2265AC0928177FD800E0FCCF /* PositionInfo.swift in Sources */ = {isa = PBXBuildFile; fileRef = 2265AC0828177FD800E0FCCF /* PositionInfo.swift */; };
		2265AC4E2817F42300E0FCCF /* CameraController.swift in Sources */ = {isa = PBXBuildFile; fileRef = 2265AC4D2817F42300E0FCCF /* CameraController.swift */; };
		226E0446280EBBE4004A8A28 /* RecordingViewController.swift in Sources */ = {isa = PBXBuildFile; fileRef = 226E0445280EBBE4004A8A28 /* RecordingViewController.swift */; };
		2278625D2807EB5B00C9EB79 /* ChatManagerFromRay.swift in Sources */ = {isa = PBXBuildFile; fileRef = 2278625C2807EB5B00C9EB79 /* ChatManagerFromRay.swift */; };
		2278625F2807EB8300C9EB79 /* ConnectionManager.swift in Sources */ = {isa = PBXBuildFile; fileRef = 2278625E2807EB8300C9EB79 /* ConnectionManager.swift */; };
		227862632808024900C9EB79 /* VideoHelper.swift in Sources */ = {isa = PBXBuildFile; fileRef = 227862622808024900C9EB79 /* VideoHelper.swift */; };
		2282DD882816466A008928A4 /* SwiftyCamViewController.swift in Sources */ = {isa = PBXBuildFile; fileRef = 2282DD872816466A008928A4 /* SwiftyCamViewController.swift */; };
		2282DD8A28164695008928A4 /* SwiftyCamViewControllerDelegate.swift in Sources */ = {isa = PBXBuildFile; fileRef = 2282DD8928164695008928A4 /* SwiftyCamViewControllerDelegate.swift */; };
		2282DD8D281646E0008928A4 /* Orientation.swift in Sources */ = {isa = PBXBuildFile; fileRef = 2282DD8C281646E0008928A4 /* Orientation.swift */; };
		2282DD8F28164707008928A4 /* PreviewView.swift in Sources */ = {isa = PBXBuildFile; fileRef = 2282DD8E28164707008928A4 /* PreviewView.swift */; };
		2282DD912816473C008928A4 /* SwiftyCamButton.swift in Sources */ = {isa = PBXBuildFile; fileRef = 2282DD902816473C008928A4 /* SwiftyCamButton.swift */; };
		2282DD9328167944008928A4 /* SwiftyRecordButton.swift in Sources */ = {isa = PBXBuildFile; fileRef = 2282DD9228167944008928A4 /* SwiftyRecordButton.swift */; };
		2283BEBE281A5F5E007D74FC /* ImgBtnView.swift in Sources */ = {isa = PBXBuildFile; fileRef = 2283BEBD281A5F5E007D74FC /* ImgBtnView.swift */; };
		2283BEC0281A5F78007D74FC /* ButtonWithInfo.swift in Sources */ = {isa = PBXBuildFile; fileRef = 2283BEBF281A5F78007D74FC /* ButtonWithInfo.swift */; };
		2283BEC2281A884F007D74FC /* NotificationKeys.swift in Sources */ = {isa = PBXBuildFile; fileRef = 2283BEC1281A884F007D74FC /* NotificationKeys.swift */; };
		2283BEC4281B8732007D74FC /* Util+.swift in Sources */ = {isa = PBXBuildFile; fileRef = 2283BEC3281B8732007D74FC /* Util+.swift */; };
		2283BEC7281FDFB6007D74FC /* ScoreController.swift in Sources */ = {isa = PBXBuildFile; fileRef = 2283BEC6281FDFB5007D74FC /* ScoreController.swift */; };
		22889EFD2820CA96002A9C4F /* VideoPlayerViewController.swift in Sources */ = {isa = PBXBuildFile; fileRef = 22889EFC2820CA96002A9C4F /* VideoPlayerViewController.swift */; };
		22889F012820EE1E002A9C4F /* ScoreCell.swift in Sources */ = {isa = PBXBuildFile; fileRef = 22889F002820EE1E002A9C4F /* ScoreCell.swift */; };
		228A32EA2812A5F000AC3447 /* ZoomRelated.swift in Sources */ = {isa = PBXBuildFile; fileRef = 228A32E92812A5EF00AC3447 /* ZoomRelated.swift */; };
		228B88372806577A007A6842 /* AppDelegate.swift in Sources */ = {isa = PBXBuildFile; fileRef = 228B88362806577A007A6842 /* AppDelegate.swift */; };
		228B88392806577A007A6842 /* SceneDelegate.swift in Sources */ = {isa = PBXBuildFile; fileRef = 228B88382806577A007A6842 /* SceneDelegate.swift */; };
		228B883E2806577B007A6842 /* Main.storyboard in Resources */ = {isa = PBXBuildFile; fileRef = 228B883C2806577B007A6842 /* Main.storyboard */; };
		228B884028065784007A6842 /* Assets.xcassets in Resources */ = {isa = PBXBuildFile; fileRef = 228B883F28065784007A6842 /* Assets.xcassets */; };
		228B884328065784007A6842 /* LaunchScreen.storyboard in Resources */ = {isa = PBXBuildFile; fileRef = 228B884128065784007A6842 /* LaunchScreen.storyboard */; };
		22ACAF5528094ACF007277A7 /* DateExt+.swift in Sources */ = {isa = PBXBuildFile; fileRef = 22ACAF5428094ACF007277A7 /* DateExt+.swift */; };
		22ADC437281947C100B1C639 /* PositionDirection.swift in Sources */ = {isa = PBXBuildFile; fileRef = 22ADC436281947C100B1C639 /* PositionDirection.swift */; };
		3A73CB3F92B01C92EA9C388B /* Pods_MultiPeer.framework in Frameworks */ = {isa = PBXBuildFile; fileRef = 43DB5FCC617ADEAE491966E2 /* Pods_MultiPeer.framework */; };
/* End PBXBuildFile section */

/* Begin PBXFileReference section */
		2265AC012816918700E0FCCF /* PositionController.swift */ = {isa = PBXFileReference; lastKnownFileType = sourcecode.swift; path = PositionController.swift; sourceTree = "<group>"; };
		2265AC0428169D6C00E0FCCF /* PositionBlockView.swift */ = {isa = PBXFileReference; lastKnownFileType = sourcecode.swift; path = PositionBlockView.swift; sourceTree = "<group>"; };
		2265AC062816A11E00E0FCCF /* ScoreBtnView.swift */ = {isa = PBXFileReference; lastKnownFileType = sourcecode.swift; path = ScoreBtnView.swift; sourceTree = "<group>"; };
		2265AC0828177FD800E0FCCF /* PositionInfo.swift */ = {isa = PBXFileReference; lastKnownFileType = sourcecode.swift; path = PositionInfo.swift; sourceTree = "<group>"; };
		2265AC4D2817F42300E0FCCF /* CameraController.swift */ = {isa = PBXFileReference; lastKnownFileType = sourcecode.swift; path = CameraController.swift; sourceTree = "<group>"; };
		226E0445280EBBE4004A8A28 /* RecordingViewController.swift */ = {isa = PBXFileReference; lastKnownFileType = sourcecode.swift; path = RecordingViewController.swift; sourceTree = "<group>"; };
		2278625C2807EB5B00C9EB79 /* ChatManagerFromRay.swift */ = {isa = PBXFileReference; lastKnownFileType = sourcecode.swift; path = ChatManagerFromRay.swift; sourceTree = "<group>"; };
		2278625E2807EB8300C9EB79 /* ConnectionManager.swift */ = {isa = PBXFileReference; lastKnownFileType = sourcecode.swift; path = ConnectionManager.swift; sourceTree = "<group>"; };
		227862622808024900C9EB79 /* VideoHelper.swift */ = {isa = PBXFileReference; lastKnownFileType = sourcecode.swift; path = VideoHelper.swift; sourceTree = "<group>"; };
		2282DD872816466A008928A4 /* SwiftyCamViewController.swift */ = {isa = PBXFileReference; lastKnownFileType = sourcecode.swift; path = SwiftyCamViewController.swift; sourceTree = "<group>"; };
		2282DD8928164695008928A4 /* SwiftyCamViewControllerDelegate.swift */ = {isa = PBXFileReference; lastKnownFileType = sourcecode.swift; path = SwiftyCamViewControllerDelegate.swift; sourceTree = "<group>"; };
		2282DD8C281646E0008928A4 /* Orientation.swift */ = {isa = PBXFileReference; lastKnownFileType = sourcecode.swift; path = Orientation.swift; sourceTree = "<group>"; };
		2282DD8E28164707008928A4 /* PreviewView.swift */ = {isa = PBXFileReference; lastKnownFileType = sourcecode.swift; path = PreviewView.swift; sourceTree = "<group>"; };
		2282DD902816473C008928A4 /* SwiftyCamButton.swift */ = {isa = PBXFileReference; lastKnownFileType = sourcecode.swift; path = SwiftyCamButton.swift; sourceTree = "<group>"; };
		2282DD9228167944008928A4 /* SwiftyRecordButton.swift */ = {isa = PBXFileReference; lastKnownFileType = sourcecode.swift; path = SwiftyRecordButton.swift; sourceTree = "<group>"; };
		2283BEBD281A5F5E007D74FC /* ImgBtnView.swift */ = {isa = PBXFileReference; lastKnownFileType = sourcecode.swift; path = ImgBtnView.swift; sourceTree = "<group>"; };
		2283BEBF281A5F78007D74FC /* ButtonWithInfo.swift */ = {isa = PBXFileReference; lastKnownFileType = sourcecode.swift; path = ButtonWithInfo.swift; sourceTree = "<group>"; };
		2283BEC1281A884F007D74FC /* NotificationKeys.swift */ = {isa = PBXFileReference; lastKnownFileType = sourcecode.swift; path = NotificationKeys.swift; sourceTree = "<group>"; };
		2283BEC3281B8732007D74FC /* Util+.swift */ = {isa = PBXFileReference; lastKnownFileType = sourcecode.swift; path = "Util+.swift"; sourceTree = "<group>"; };
		2283BEC6281FDFB5007D74FC /* ScoreController.swift */ = {isa = PBXFileReference; lastKnownFileType = sourcecode.swift; path = ScoreController.swift; sourceTree = "<group>"; };
		22889EFC2820CA96002A9C4F /* VideoPlayerViewController.swift */ = {isa = PBXFileReference; lastKnownFileType = sourcecode.swift; path = VideoPlayerViewController.swift; sourceTree = "<group>"; };
		22889F002820EE1E002A9C4F /* ScoreCell.swift */ = {isa = PBXFileReference; lastKnownFileType = sourcecode.swift; path = ScoreCell.swift; sourceTree = "<group>"; };
		228A32E92812A5EF00AC3447 /* ZoomRelated.swift */ = {isa = PBXFileReference; lastKnownFileType = sourcecode.swift; path = ZoomRelated.swift; sourceTree = "<group>"; };
		228B88332806577A007A6842 /* MultiPeer.app */ = {isa = PBXFileReference; explicitFileType = wrapper.application; includeInIndex = 0; path = MultiPeer.app; sourceTree = BUILT_PRODUCTS_DIR; };
		228B88362806577A007A6842 /* AppDelegate.swift */ = {isa = PBXFileReference; lastKnownFileType = sourcecode.swift; path = AppDelegate.swift; sourceTree = "<group>"; };
		228B88382806577A007A6842 /* SceneDelegate.swift */ = {isa = PBXFileReference; lastKnownFileType = sourcecode.swift; path = SceneDelegate.swift; sourceTree = "<group>"; };
		228B883D2806577B007A6842 /* Base */ = {isa = PBXFileReference; lastKnownFileType = file.storyboard; name = Base; path = Base.lproj/Main.storyboard; sourceTree = "<group>"; };
		228B883F28065784007A6842 /* Assets.xcassets */ = {isa = PBXFileReference; lastKnownFileType = folder.assetcatalog; path = Assets.xcassets; sourceTree = "<group>"; };
		228B884228065784007A6842 /* Base */ = {isa = PBXFileReference; lastKnownFileType = file.storyboard; name = Base; path = Base.lproj/LaunchScreen.storyboard; sourceTree = "<group>"; };
		228B884428065784007A6842 /* Info.plist */ = {isa = PBXFileReference; lastKnownFileType = text.plist.xml; path = Info.plist; sourceTree = "<group>"; };
		22ACAF5428094ACF007277A7 /* DateExt+.swift */ = {isa = PBXFileReference; lastKnownFileType = sourcecode.swift; path = "DateExt+.swift"; sourceTree = "<group>"; };
		22ADC436281947C100B1C639 /* PositionDirection.swift */ = {isa = PBXFileReference; lastKnownFileType = sourcecode.swift; path = PositionDirection.swift; sourceTree = "<group>"; };
		43DB5FCC617ADEAE491966E2 /* Pods_MultiPeer.framework */ = {isa = PBXFileReference; explicitFileType = wrapper.framework; includeInIndex = 0; path = Pods_MultiPeer.framework; sourceTree = BUILT_PRODUCTS_DIR; };
		AA8C32117F417B1A5C42D8EC /* Pods-MultiPeer.debug.xcconfig */ = {isa = PBXFileReference; includeInIndex = 1; lastKnownFileType = text.xcconfig; name = "Pods-MultiPeer.debug.xcconfig"; path = "Target Support Files/Pods-MultiPeer/Pods-MultiPeer.debug.xcconfig"; sourceTree = "<group>"; };
		B72406CCD7171172A8776BA5 /* Pods-MultiPeer.release.xcconfig */ = {isa = PBXFileReference; includeInIndex = 1; lastKnownFileType = text.xcconfig; name = "Pods-MultiPeer.release.xcconfig"; path = "Target Support Files/Pods-MultiPeer/Pods-MultiPeer.release.xcconfig"; sourceTree = "<group>"; };
/* End PBXFileReference section */

/* Begin PBXFrameworksBuildPhase section */
		228B88302806577A007A6842 /* Frameworks */ = {
			isa = PBXFrameworksBuildPhase;
			buildActionMask = 2147483647;
			files = (
				3A73CB3F92B01C92EA9C388B /* Pods_MultiPeer.framework in Frameworks */,
			);
			runOnlyForDeploymentPostprocessing = 0;
		};
/* End PBXFrameworksBuildPhase section */

/* Begin PBXGroup section */
		2265AC03281699D600E0FCCF /* Views */ = {
			isa = PBXGroup;
			children = (
				2265AC0428169D6C00E0FCCF /* PositionBlockView.swift */,
				2265AC0828177FD800E0FCCF /* PositionInfo.swift */,
				2265AC062816A11E00E0FCCF /* ScoreBtnView.swift */,
				2283BEBD281A5F5E007D74FC /* ImgBtnView.swift */,
				2283BEBF281A5F78007D74FC /* ButtonWithInfo.swift */,
				22889EFE2820EDC1002A9C4F /* Extensions */,
			);
			path = Views;
			sourceTree = "<group>";
		};
		2282DD8B281646D7008928A4 /* Source */ = {
			isa = PBXGroup;
			children = (
				2282DD872816466A008928A4 /* SwiftyCamViewController.swift */,
				2282DD8928164695008928A4 /* SwiftyCamViewControllerDelegate.swift */,
				2282DD8C281646E0008928A4 /* Orientation.swift */,
				2282DD8E28164707008928A4 /* PreviewView.swift */,
				2282DD902816473C008928A4 /* SwiftyCamButton.swift */,
				2282DD9228167944008928A4 /* SwiftyRecordButton.swift */,
			);
			path = Source;
			sourceTree = "<group>";
		};
		2283BEC5281BAD50007D74FC /* Controllers */ = {
			isa = PBXGroup;
			children = (
				2265AC4D2817F42300E0FCCF /* CameraController.swift */,
				2265AC012816918700E0FCCF /* PositionController.swift */,
				22889EFC2820CA96002A9C4F /* VideoPlayerViewController.swift */,
				22889EFF2820EDCF002A9C4F /* Score */,
			);
			path = Controllers;
			sourceTree = "<group>";
		};
		22889EFE2820EDC1002A9C4F /* Extensions */ = {
			isa = PBXGroup;
			children = (
				2283BEC3281B8732007D74FC /* Util+.swift */,
			);
			path = Extensions;
			sourceTree = "<group>";
		};
		22889EFF2820EDCF002A9C4F /* Score */ = {
			isa = PBXGroup;
			children = (
				2283BEC6281FDFB5007D74FC /* ScoreController.swift */,
				22889F002820EE1E002A9C4F /* ScoreCell.swift */,
			);
			path = Score;
			sourceTree = "<group>";
		};
		228A32EB2812A75E00AC3447 /* ViewControllers */ = {
			isa = PBXGroup;
			children = (
				226E0445280EBBE4004A8A28 /* RecordingViewController.swift */,
			);
			path = ViewControllers;
			sourceTree = "<group>";
		};
		228B882A2806577A007A6842 = {
			isa = PBXGroup;
			children = (
				228B88352806577A007A6842 /* MultiPeer */,
				228B88342806577A007A6842 /* Products */,
				6C823DBE391EE5CB5A4C0AA5 /* Pods */,
				6F98C3DBED4EA4948B2B95DE /* Frameworks */,
			);
			sourceTree = "<group>";
		};
		228B88342806577A007A6842 /* Products */ = {
			isa = PBXGroup;
			children = (
				228B88332806577A007A6842 /* MultiPeer.app */,
			);
			name = Products;
			sourceTree = "<group>";
		};
		228B88352806577A007A6842 /* MultiPeer */ = {
			isa = PBXGroup;
			children = (
				228B88362806577A007A6842 /* AppDelegate.swift */,
				228B88382806577A007A6842 /* SceneDelegate.swift */,
				227862622808024900C9EB79 /* VideoHelper.swift */,
				2282DD8B281646D7008928A4 /* Source */,
				228A32EB2812A75E00AC3447 /* ViewControllers */,
				2278625C2807EB5B00C9EB79 /* ChatManagerFromRay.swift */,
				228B883C2806577B007A6842 /* Main.storyboard */,
				22ACAF5428094ACF007277A7 /* DateExt+.swift */,
				22ADC439281A226700B1C639 /* Using */,
				22ADC438281A200300B1C639 /* NotUsing */,
				228B883F28065784007A6842 /* Assets.xcassets */,
				228B884128065784007A6842 /* LaunchScreen.storyboard */,
				228B884428065784007A6842 /* Info.plist */,
			);
			path = MultiPeer;
			sourceTree = "<group>";
		};
		22ADC435281947A900B1C639 /* Model */ = {
			isa = PBXGroup;
			children = (
				2278625E2807EB8300C9EB79 /* ConnectionManager.swift */,
				22ADC436281947C100B1C639 /* PositionDirection.swift */,
				2283BEC1281A884F007D74FC /* NotificationKeys.swift */,
			);
			path = Model;
			sourceTree = "<group>";
		};
		22ADC438281A200300B1C639 /* NotUsing */ = {
			isa = PBXGroup;
			children = (
				228A32E92812A5EF00AC3447 /* ZoomRelated.swift */,
			);
			path = NotUsing;
			sourceTree = "<group>";
		};
		22ADC439281A226700B1C639 /* Using */ = {
			isa = PBXGroup;
			children = (
				2283BEC5281BAD50007D74FC /* Controllers */,
				22ADC435281947A900B1C639 /* Model */,
				2265AC03281699D600E0FCCF /* Views */,
			);
			path = Using;
			sourceTree = "<group>";
		};
		6C823DBE391EE5CB5A4C0AA5 /* Pods */ = {
			isa = PBXGroup;
			children = (
				AA8C32117F417B1A5C42D8EC /* Pods-MultiPeer.debug.xcconfig */,
				B72406CCD7171172A8776BA5 /* Pods-MultiPeer.release.xcconfig */,
			);
			path = Pods;
			sourceTree = "<group>";
		};
		6F98C3DBED4EA4948B2B95DE /* Frameworks */ = {
			isa = PBXGroup;
			children = (
				43DB5FCC617ADEAE491966E2 /* Pods_MultiPeer.framework */,
			);
			name = Frameworks;
			sourceTree = "<group>";
		};
/* End PBXGroup section */

/* Begin PBXNativeTarget section */
		228B88322806577A007A6842 /* MultiPeer */ = {
			isa = PBXNativeTarget;
			buildConfigurationList = 228B884728065784007A6842 /* Build configuration list for PBXNativeTarget "MultiPeer" */;
			buildPhases = (
				2A4290338D15EEDEE4B485D7 /* [CP] Check Pods Manifest.lock */,
				228B882F2806577A007A6842 /* Sources */,
				228B88302806577A007A6842 /* Frameworks */,
				228B88312806577A007A6842 /* Resources */,
				81B0AD825B70B0374278A026 /* [CP] Embed Pods Frameworks */,
			);
			buildRules = (
			);
			dependencies = (
			);
			name = MultiPeer;
			productName = MultiPeer;
			productReference = 228B88332806577A007A6842 /* MultiPeer.app */;
			productType = "com.apple.product-type.application";
		};
/* End PBXNativeTarget section */

/* Begin PBXProject section */
		228B882B2806577A007A6842 /* Project object */ = {
			isa = PBXProject;
			attributes = {
				BuildIndependentTargetsInParallel = 1;
				LastSwiftUpdateCheck = 1330;
				LastUpgradeCheck = 1330;
				TargetAttributes = {
					228B88322806577A007A6842 = {
						CreatedOnToolsVersion = 13.3;
					};
				};
			};
			buildConfigurationList = 228B882E2806577A007A6842 /* Build configuration list for PBXProject "MultiPeer" */;
			compatibilityVersion = "Xcode 13.0";
			developmentRegion = en;
			hasScannedForEncodings = 0;
			knownRegions = (
				en,
				Base,
			);
			mainGroup = 228B882A2806577A007A6842;
			productRefGroup = 228B88342806577A007A6842 /* Products */;
			projectDirPath = "";
			projectRoot = "";
			targets = (
				228B88322806577A007A6842 /* MultiPeer */,
			);
		};
/* End PBXProject section */

/* Begin PBXResourcesBuildPhase section */
		228B88312806577A007A6842 /* Resources */ = {
			isa = PBXResourcesBuildPhase;
			buildActionMask = 2147483647;
			files = (
				228B884328065784007A6842 /* LaunchScreen.storyboard in Resources */,
				228B884028065784007A6842 /* Assets.xcassets in Resources */,
				228B883E2806577B007A6842 /* Main.storyboard in Resources */,
			);
			runOnlyForDeploymentPostprocessing = 0;
		};
/* End PBXResourcesBuildPhase section */

/* Begin PBXShellScriptBuildPhase section */
		2A4290338D15EEDEE4B485D7 /* [CP] Check Pods Manifest.lock */ = {
			isa = PBXShellScriptBuildPhase;
			buildActionMask = 2147483647;
			files = (
			);
			inputFileListPaths = (
			);
			inputPaths = (
				"${PODS_PODFILE_DIR_PATH}/Podfile.lock",
				"${PODS_ROOT}/Manifest.lock",
			);
			name = "[CP] Check Pods Manifest.lock";
			outputFileListPaths = (
			);
			outputPaths = (
				"$(DERIVED_FILE_DIR)/Pods-MultiPeer-checkManifestLockResult.txt",
			);
			runOnlyForDeploymentPostprocessing = 0;
			shellPath = /bin/sh;
			shellScript = "diff \"${PODS_PODFILE_DIR_PATH}/Podfile.lock\" \"${PODS_ROOT}/Manifest.lock\" > /dev/null\nif [ $? != 0 ] ; then\n    # print error to STDERR\n    echo \"error: The sandbox is not in sync with the Podfile.lock. Run 'pod install' or update your CocoaPods installation.\" >&2\n    exit 1\nfi\n# This output is used by Xcode 'outputs' to avoid re-running this script phase.\necho \"SUCCESS\" > \"${SCRIPT_OUTPUT_FILE_0}\"\n";
			showEnvVarsInLog = 0;
		};
		81B0AD825B70B0374278A026 /* [CP] Embed Pods Frameworks */ = {
			isa = PBXShellScriptBuildPhase;
			buildActionMask = 2147483647;
			files = (
			);
			inputFileListPaths = (
				"${PODS_ROOT}/Target Support Files/Pods-MultiPeer/Pods-MultiPeer-frameworks-${CONFIGURATION}-input-files.xcfilelist",
			);
			name = "[CP] Embed Pods Frameworks";
			outputFileListPaths = (
				"${PODS_ROOT}/Target Support Files/Pods-MultiPeer/Pods-MultiPeer-frameworks-${CONFIGURATION}-output-files.xcfilelist",
			);
			runOnlyForDeploymentPostprocessing = 0;
			shellPath = /bin/sh;
			shellScript = "\"${PODS_ROOT}/Target Support Files/Pods-MultiPeer/Pods-MultiPeer-frameworks.sh\"\n";
			showEnvVarsInLog = 0;
		};
/* End PBXShellScriptBuildPhase section */

/* Begin PBXSourcesBuildPhase section */
		228B882F2806577A007A6842 /* Sources */ = {
			isa = PBXSourcesBuildPhase;
			buildActionMask = 2147483647;
			files = (
				2278625F2807EB8300C9EB79 /* ConnectionManager.swift in Sources */,
				2282DD8A28164695008928A4 /* SwiftyCamViewControllerDelegate.swift in Sources */,
				2282DD912816473C008928A4 /* SwiftyCamButton.swift in Sources */,
				2282DD9328167944008928A4 /* SwiftyRecordButton.swift in Sources */,
				227862632808024900C9EB79 /* VideoHelper.swift in Sources */,
				2283BEC0281A5F78007D74FC /* ButtonWithInfo.swift in Sources */,
				2283BEC4281B8732007D74FC /* Util+.swift in Sources */,
				22889F012820EE1E002A9C4F /* ScoreCell.swift in Sources */,
				226E0446280EBBE4004A8A28 /* RecordingViewController.swift in Sources */,
				228A32EA2812A5F000AC3447 /* ZoomRelated.swift in Sources */,
				22ACAF5528094ACF007277A7 /* DateExt+.swift in Sources */,
				2265AC0528169D6C00E0FCCF /* PositionBlockView.swift in Sources */,
				2282DD8D281646E0008928A4 /* Orientation.swift in Sources */,
				2283BEC2281A884F007D74FC /* NotificationKeys.swift in Sources */,
				2265AC072816A11E00E0FCCF /* ScoreBtnView.swift in Sources */,
				2282DD8F28164707008928A4 /* PreviewView.swift in Sources */,
				22889EFD2820CA96002A9C4F /* VideoPlayerViewController.swift in Sources */,
				2282DD882816466A008928A4 /* SwiftyCamViewController.swift in Sources */,
				2265AC4E2817F42300E0FCCF /* CameraController.swift in Sources */,
				22ADC437281947C100B1C639 /* PositionDirection.swift in Sources */,
				2265AC022816918700E0FCCF /* PositionController.swift in Sources */,
				228B88372806577A007A6842 /* AppDelegate.swift in Sources */,
				2278625D2807EB5B00C9EB79 /* ChatManagerFromRay.swift in Sources */,
				2283BEC7281FDFB6007D74FC /* ScoreController.swift in Sources */,
				2283BEBE281A5F5E007D74FC /* ImgBtnView.swift in Sources */,
				2265AC0928177FD800E0FCCF /* PositionInfo.swift in Sources */,
				228B88392806577A007A6842 /* SceneDelegate.swift in Sources */,
			);
			runOnlyForDeploymentPostprocessing = 0;
		};
/* End PBXSourcesBuildPhase section */

/* Begin PBXVariantGroup section */
		228B883C2806577B007A6842 /* Main.storyboard */ = {
			isa = PBXVariantGroup;
			children = (
				228B883D2806577B007A6842 /* Base */,
			);
			name = Main.storyboard;
			sourceTree = "<group>";
		};
		228B884128065784007A6842 /* LaunchScreen.storyboard */ = {
			isa = PBXVariantGroup;
			children = (
				228B884228065784007A6842 /* Base */,
			);
			name = LaunchScreen.storyboard;
			sourceTree = "<group>";
		};
/* End PBXVariantGroup section */

/* Begin XCBuildConfiguration section */
		228B884528065784007A6842 /* Debug */ = {
			isa = XCBuildConfiguration;
			buildSettings = {
				ALWAYS_SEARCH_USER_PATHS = NO;
				CLANG_ANALYZER_NONNULL = YES;
				CLANG_ANALYZER_NUMBER_OBJECT_CONVERSION = YES_AGGRESSIVE;
				CLANG_CXX_LANGUAGE_STANDARD = "gnu++17";
				CLANG_ENABLE_MODULES = YES;
				CLANG_ENABLE_OBJC_ARC = YES;
				CLANG_ENABLE_OBJC_WEAK = YES;
				CLANG_WARN_BLOCK_CAPTURE_AUTORELEASING = YES;
				CLANG_WARN_BOOL_CONVERSION = YES;
				CLANG_WARN_COMMA = YES;
				CLANG_WARN_CONSTANT_CONVERSION = YES;
				CLANG_WARN_DEPRECATED_OBJC_IMPLEMENTATIONS = YES;
				CLANG_WARN_DIRECT_OBJC_ISA_USAGE = YES_ERROR;
				CLANG_WARN_DOCUMENTATION_COMMENTS = YES;
				CLANG_WARN_EMPTY_BODY = YES;
				CLANG_WARN_ENUM_CONVERSION = YES;
				CLANG_WARN_INFINITE_RECURSION = YES;
				CLANG_WARN_INT_CONVERSION = YES;
				CLANG_WARN_NON_LITERAL_NULL_CONVERSION = YES;
				CLANG_WARN_OBJC_IMPLICIT_RETAIN_SELF = YES;
				CLANG_WARN_OBJC_LITERAL_CONVERSION = YES;
				CLANG_WARN_OBJC_ROOT_CLASS = YES_ERROR;
				CLANG_WARN_QUOTED_INCLUDE_IN_FRAMEWORK_HEADER = YES;
				CLANG_WARN_RANGE_LOOP_ANALYSIS = YES;
				CLANG_WARN_STRICT_PROTOTYPES = YES;
				CLANG_WARN_SUSPICIOUS_MOVE = YES;
				CLANG_WARN_UNGUARDED_AVAILABILITY = YES_AGGRESSIVE;
				CLANG_WARN_UNREACHABLE_CODE = YES;
				CLANG_WARN__DUPLICATE_METHOD_MATCH = YES;
				COPY_PHASE_STRIP = NO;
				DEBUG_INFORMATION_FORMAT = dwarf;
				ENABLE_STRICT_OBJC_MSGSEND = YES;
				ENABLE_TESTABILITY = YES;
				GCC_C_LANGUAGE_STANDARD = gnu11;
				GCC_DYNAMIC_NO_PIC = NO;
				GCC_NO_COMMON_BLOCKS = YES;
				GCC_OPTIMIZATION_LEVEL = 0;
				GCC_PREPROCESSOR_DEFINITIONS = (
					"DEBUG=1",
					"$(inherited)",
				);
				GCC_WARN_64_TO_32_BIT_CONVERSION = YES;
				GCC_WARN_ABOUT_RETURN_TYPE = YES_ERROR;
				GCC_WARN_UNDECLARED_SELECTOR = YES;
				GCC_WARN_UNINITIALIZED_AUTOS = YES_AGGRESSIVE;
				GCC_WARN_UNUSED_FUNCTION = YES;
				GCC_WARN_UNUSED_VARIABLE = YES;
				IPHONEOS_DEPLOYMENT_TARGET = 15.4;
				MTL_ENABLE_DEBUG_INFO = INCLUDE_SOURCE;
				MTL_FAST_MATH = YES;
				ONLY_ACTIVE_ARCH = YES;
				SDKROOT = iphoneos;
				SWIFT_ACTIVE_COMPILATION_CONDITIONS = DEBUG;
				SWIFT_OPTIMIZATION_LEVEL = "-Onone";
			};
			name = Debug;
		};
		228B884628065784007A6842 /* Release */ = {
			isa = XCBuildConfiguration;
			buildSettings = {
				ALWAYS_SEARCH_USER_PATHS = NO;
				CLANG_ANALYZER_NONNULL = YES;
				CLANG_ANALYZER_NUMBER_OBJECT_CONVERSION = YES_AGGRESSIVE;
				CLANG_CXX_LANGUAGE_STANDARD = "gnu++17";
				CLANG_ENABLE_MODULES = YES;
				CLANG_ENABLE_OBJC_ARC = YES;
				CLANG_ENABLE_OBJC_WEAK = YES;
				CLANG_WARN_BLOCK_CAPTURE_AUTORELEASING = YES;
				CLANG_WARN_BOOL_CONVERSION = YES;
				CLANG_WARN_COMMA = YES;
				CLANG_WARN_CONSTANT_CONVERSION = YES;
				CLANG_WARN_DEPRECATED_OBJC_IMPLEMENTATIONS = YES;
				CLANG_WARN_DIRECT_OBJC_ISA_USAGE = YES_ERROR;
				CLANG_WARN_DOCUMENTATION_COMMENTS = YES;
				CLANG_WARN_EMPTY_BODY = YES;
				CLANG_WARN_ENUM_CONVERSION = YES;
				CLANG_WARN_INFINITE_RECURSION = YES;
				CLANG_WARN_INT_CONVERSION = YES;
				CLANG_WARN_NON_LITERAL_NULL_CONVERSION = YES;
				CLANG_WARN_OBJC_IMPLICIT_RETAIN_SELF = YES;
				CLANG_WARN_OBJC_LITERAL_CONVERSION = YES;
				CLANG_WARN_OBJC_ROOT_CLASS = YES_ERROR;
				CLANG_WARN_QUOTED_INCLUDE_IN_FRAMEWORK_HEADER = YES;
				CLANG_WARN_RANGE_LOOP_ANALYSIS = YES;
				CLANG_WARN_STRICT_PROTOTYPES = YES;
				CLANG_WARN_SUSPICIOUS_MOVE = YES;
				CLANG_WARN_UNGUARDED_AVAILABILITY = YES_AGGRESSIVE;
				CLANG_WARN_UNREACHABLE_CODE = YES;
				CLANG_WARN__DUPLICATE_METHOD_MATCH = YES;
				COPY_PHASE_STRIP = NO;
				DEBUG_INFORMATION_FORMAT = "dwarf-with-dsym";
				ENABLE_NS_ASSERTIONS = NO;
				ENABLE_STRICT_OBJC_MSGSEND = YES;
				GCC_C_LANGUAGE_STANDARD = gnu11;
				GCC_NO_COMMON_BLOCKS = YES;
				GCC_WARN_64_TO_32_BIT_CONVERSION = YES;
				GCC_WARN_ABOUT_RETURN_TYPE = YES_ERROR;
				GCC_WARN_UNDECLARED_SELECTOR = YES;
				GCC_WARN_UNINITIALIZED_AUTOS = YES_AGGRESSIVE;
				GCC_WARN_UNUSED_FUNCTION = YES;
				GCC_WARN_UNUSED_VARIABLE = YES;
				IPHONEOS_DEPLOYMENT_TARGET = 15.4;
				MTL_ENABLE_DEBUG_INFO = NO;
				MTL_FAST_MATH = YES;
				SDKROOT = iphoneos;
				SWIFT_COMPILATION_MODE = wholemodule;
				SWIFT_OPTIMIZATION_LEVEL = "-O";
				VALIDATE_PRODUCT = YES;
			};
			name = Release;
		};
		228B884828065784007A6842 /* Debug */ = {
			isa = XCBuildConfiguration;
			baseConfigurationReference = AA8C32117F417B1A5C42D8EC /* Pods-MultiPeer.debug.xcconfig */;
			buildSettings = {
				ASSETCATALOG_COMPILER_APPICON_NAME = AppIcon;
				ASSETCATALOG_COMPILER_GLOBAL_ACCENT_COLOR_NAME = AccentColor;
				CODE_SIGN_STYLE = Automatic;
				CURRENT_PROJECT_VERSION = 1;
				DEVELOPMENT_TEAM = F23GD77ZRK;
				GENERATE_INFOPLIST_FILE = YES;
				INFOPLIST_FILE = MultiPeer/Info.plist;
				INFOPLIST_KEY_NSCameraUsageDescription = "please allow access to camera to take videos";
				INFOPLIST_KEY_NSLocalNetworkUsageDescription = "Please allow access to connect devices";
				INFOPLIST_KEY_NSMicrophoneUsageDescription = "please allow access to camera to take videos";
				INFOPLIST_KEY_NSPhotoLibraryAddUsageDescription = "please allow access to save videos";
				INFOPLIST_KEY_UIApplicationSupportsIndirectInputEvents = YES;
				INFOPLIST_KEY_UILaunchStoryboardName = LaunchScreen;
				INFOPLIST_KEY_UISupportedInterfaceOrientations_iPad = "UIInterfaceOrientationPortrait UIInterfaceOrientationPortraitUpsideDown UIInterfaceOrientationLandscapeLeft UIInterfaceOrientationLandscapeRight";
				INFOPLIST_KEY_UISupportedInterfaceOrientations_iPhone = "UIInterfaceOrientationPortrait UIInterfaceOrientationLandscapeLeft UIInterfaceOrientationLandscapeRight";
				IPHONEOS_DEPLOYMENT_TARGET = 15.0;
				LD_RUNPATH_SEARCH_PATHS = (
					"$(inherited)",
					"@executable_path/Frameworks",
				);
				MARKETING_VERSION = 1.0;
				PRODUCT_BUNDLE_IDENTIFIER = hanmok.MultiPeer;
				PRODUCT_NAME = "$(TARGET_NAME)";
				SWIFT_EMIT_LOC_STRINGS = YES;
				SWIFT_VERSION = 5.0;
				TARGETED_DEVICE_FAMILY = "1,2";
			};
			name = Debug;
		};
		228B884928065784007A6842 /* Release */ = {
			isa = XCBuildConfiguration;
			baseConfigurationReference = B72406CCD7171172A8776BA5 /* Pods-MultiPeer.release.xcconfig */;
			buildSettings = {
				ASSETCATALOG_COMPILER_APPICON_NAME = AppIcon;
				ASSETCATALOG_COMPILER_GLOBAL_ACCENT_COLOR_NAME = AccentColor;
				CODE_SIGN_STYLE = Automatic;
				CURRENT_PROJECT_VERSION = 1;
				DEVELOPMENT_TEAM = F23GD77ZRK;
				GENERATE_INFOPLIST_FILE = YES;
				INFOPLIST_FILE = MultiPeer/Info.plist;
				INFOPLIST_KEY_NSCameraUsageDescription = "please allow access to camera to take videos";
				INFOPLIST_KEY_NSLocalNetworkUsageDescription = "Please allow access to connect devices";
				INFOPLIST_KEY_NSMicrophoneUsageDescription = "please allow access to camera to take videos";
				INFOPLIST_KEY_NSPhotoLibraryAddUsageDescription = "please allow access to save videos";
				INFOPLIST_KEY_UIApplicationSupportsIndirectInputEvents = YES;
				INFOPLIST_KEY_UILaunchStoryboardName = LaunchScreen;
				INFOPLIST_KEY_UISupportedInterfaceOrientations_iPad = "UIInterfaceOrientationPortrait UIInterfaceOrientationPortraitUpsideDown UIInterfaceOrientationLandscapeLeft UIInterfaceOrientationLandscapeRight";
				INFOPLIST_KEY_UISupportedInterfaceOrientations_iPhone = "UIInterfaceOrientationPortrait UIInterfaceOrientationLandscapeLeft UIInterfaceOrientationLandscapeRight";
				IPHONEOS_DEPLOYMENT_TARGET = 15.0;
				LD_RUNPATH_SEARCH_PATHS = (
					"$(inherited)",
					"@executable_path/Frameworks",
				);
				MARKETING_VERSION = 1.0;
				PRODUCT_BUNDLE_IDENTIFIER = hanmok.MultiPeer;
				PRODUCT_NAME = "$(TARGET_NAME)";
				SWIFT_EMIT_LOC_STRINGS = YES;
				SWIFT_VERSION = 5.0;
				TARGETED_DEVICE_FAMILY = "1,2";
			};
			name = Release;
		};
/* End XCBuildConfiguration section */

/* Begin XCConfigurationList section */
		228B882E2806577A007A6842 /* Build configuration list for PBXProject "MultiPeer" */ = {
			isa = XCConfigurationList;
			buildConfigurations = (
				228B884528065784007A6842 /* Debug */,
				228B884628065784007A6842 /* Release */,
			);
			defaultConfigurationIsVisible = 0;
			defaultConfigurationName = Release;
		};
		228B884728065784007A6842 /* Build configuration list for PBXNativeTarget "MultiPeer" */ = {
			isa = XCConfigurationList;
			buildConfigurations = (
				228B884828065784007A6842 /* Debug */,
				228B884928065784007A6842 /* Release */,
			);
			defaultConfigurationIsVisible = 0;
			defaultConfigurationName = Release;
		};
/* End XCConfigurationList section */
	};
	rootObject = 228B882B2806577A007A6842 /* Project object */;
}
